// !$*UTF8*$!
{
	archiveVersion = 1;
	classes = {
	};
	objectVersion = 46;
	objects = {

/* Begin PBXBuildFile section */
		552898F41FCA124400A3195A /* UIColorExtension.swift in Sources */ = {isa = PBXBuildFile; fileRef = 552898F31FCA124400A3195A /* UIColorExtension.swift */; };
		552898F61FCA177200A3195A /* CardViewLabel.swift in Sources */ = {isa = PBXBuildFile; fileRef = 552898F51FCA177200A3195A /* CardViewLabel.swift */; };
		552898F81FCA244500A3195A /* AuthViewController.swift in Sources */ = {isa = PBXBuildFile; fileRef = 552898F71FCA244500A3195A /* AuthViewController.swift */; };
		552898FA1FCA291000A3195A /* SnapKit.framework in Frameworks */ = {isa = PBXBuildFile; fileRef = 552898F91FCA291000A3195A /* SnapKit.framework */; };
		552898FC1FCA332900A3195A /* GoogleService-Info.plist in Resources */ = {isa = PBXBuildFile; fileRef = 552898FB1FCA332900A3195A /* GoogleService-Info.plist */; };
		552898FE1FCA37B100A3195A /* Firebase.framework in Frameworks */ = {isa = PBXBuildFile; fileRef = 552898FD1FCA37B100A3195A /* Firebase.framework */; };
		A99BBCCC1EF89B4D00ACBF7B /* Product.swift in Sources */ = {isa = PBXBuildFile; fileRef = A99BBCCB1EF89B4D00ACBF7B /* Product.swift */; };
		A9ADFB931EEF5D770044D45B /* AppDelegate.swift in Sources */ = {isa = PBXBuildFile; fileRef = A9ADFB921EEF5D770044D45B /* AppDelegate.swift */; };
		A9ADFB951EEF5D770044D45B /* ViewController.swift in Sources */ = {isa = PBXBuildFile; fileRef = A9ADFB941EEF5D770044D45B /* ViewController.swift */; };
		A9ADFB981EEF5D770044D45B /* Main.storyboard in Resources */ = {isa = PBXBuildFile; fileRef = A9ADFB961EEF5D770044D45B /* Main.storyboard */; };
		A9ADFB9A1EEF5D770044D45B /* Assets.xcassets in Resources */ = {isa = PBXBuildFile; fileRef = A9ADFB991EEF5D770044D45B /* Assets.xcassets */; };
		A9ADFB9D1EEF5D770044D45B /* LaunchScreen.storyboard in Resources */ = {isa = PBXBuildFile; fileRef = A9ADFB9B1EEF5D770044D45B /* LaunchScreen.storyboard */; };
		A9ADFBB31EEF5D780044D45B /* PeapodSwipeUITests.swift in Sources */ = {isa = PBXBuildFile; fileRef = A9ADFBB21EEF5D780044D45B /* PeapodSwipeUITests.swift */; };
		A9ADFBC11EEF69B20044D45B /* CardView.swift in Sources */ = {isa = PBXBuildFile; fileRef = A9ADFBC01EEF69B20044D45B /* CardView.swift */; };
		A9ADFBC31EEF69CB0044D45B /* ImageCard.swift in Sources */ = {isa = PBXBuildFile; fileRef = A9ADFBC21EEF69CB0044D45B /* ImageCard.swift */; };
		A9B92CCF1F393A8D00274428 /* ProductImage.swift in Sources */ = {isa = PBXBuildFile; fileRef = A9B92CCE1F393A8D00274428 /* ProductImage.swift */; };
		A9B92CD21F39419C00274428 /* Alamofire.framework in Frameworks */ = {isa = PBXBuildFile; fileRef = A9B92CD11F39419C00274428 /* Alamofire.framework */; };
		A9B92CD41F39424200274428 /* Gloss.framework in Frameworks */ = {isa = PBXBuildFile; fileRef = A9B92CD31F39424200274428 /* Gloss.framework */; };
/* End PBXBuildFile section */

/* Begin PBXContainerItemProxy section */
		A9ADFBA41EEF5D780044D45B /* PBXContainerItemProxy */ = {
			isa = PBXContainerItemProxy;
			containerPortal = A9ADFB871EEF5D770044D45B /* Project object */;
			proxyType = 1;
			remoteGlobalIDString = A9ADFB8E1EEF5D770044D45B;
			remoteInfo = "Peapod Swipe";
		};
		A9ADFBAF1EEF5D780044D45B /* PBXContainerItemProxy */ = {
			isa = PBXContainerItemProxy;
			containerPortal = A9ADFB871EEF5D770044D45B /* Project object */;
			proxyType = 1;
			remoteGlobalIDString = A9ADFB8E1EEF5D770044D45B;
			remoteInfo = "Peapod Swipe";
		};
/* End PBXContainerItemProxy section */

/* Begin PBXFileReference section */
		552898F31FCA124400A3195A /* UIColorExtension.swift */ = {isa = PBXFileReference; lastKnownFileType = sourcecode.swift; path = UIColorExtension.swift; sourceTree = "<group>"; };
		552898F51FCA177200A3195A /* CardViewLabel.swift */ = {isa = PBXFileReference; lastKnownFileType = sourcecode.swift; path = CardViewLabel.swift; sourceTree = "<group>"; };
		552898F71FCA244500A3195A /* AuthViewController.swift */ = {isa = PBXFileReference; lastKnownFileType = sourcecode.swift; path = AuthViewController.swift; sourceTree = "<group>"; };
		552898F91FCA291000A3195A /* SnapKit.framework */ = {isa = PBXFileReference; lastKnownFileType = wrapper.framework; name = SnapKit.framework; path = Carthage/Build/iOS/SnapKit.framework; sourceTree = "<group>"; };
		552898FB1FCA332900A3195A /* GoogleService-Info.plist */ = {isa = PBXFileReference; fileEncoding = 4; lastKnownFileType = text.plist.xml; path = "GoogleService-Info.plist"; sourceTree = "<group>"; };
		552898FD1FCA37B100A3195A /* Firebase.framework */ = {isa = PBXFileReference; lastKnownFileType = wrapper.framework; name = Firebase.framework; path = Carthage/Build/iOS/Firebase.framework; sourceTree = "<group>"; };
		552899001FCA3F3400A3195A /* Protobuf.framework */ = {isa = PBXFileReference; lastKnownFileType = wrapper.framework; name = Protobuf.framework; path = Carthage/Build/iOS/Protobuf.framework; sourceTree = "<group>"; };
		552899011FCA3F3400A3195A /* GTMSessionFetcher.framework */ = {isa = PBXFileReference; lastKnownFileType = wrapper.framework; name = GTMSessionFetcher.framework; path = Carthage/Build/iOS/GTMSessionFetcher.framework; sourceTree = "<group>"; };
		552899021FCA3F3400A3195A /* FirebaseAnalytics.framework */ = {isa = PBXFileReference; lastKnownFileType = wrapper.framework; name = FirebaseAnalytics.framework; path = Carthage/Build/iOS/FirebaseAnalytics.framework; sourceTree = "<group>"; };
		552899031FCA3F3500A3195A /* FirebaseCoreDiagnostics.framework */ = {isa = PBXFileReference; lastKnownFileType = wrapper.framework; name = FirebaseCoreDiagnostics.framework; path = Carthage/Build/iOS/FirebaseCoreDiagnostics.framework; sourceTree = "<group>"; };
		552899041FCA3F3500A3195A /* FirebaseRemoteConfig.framework */ = {isa = PBXFileReference; lastKnownFileType = wrapper.framework; name = FirebaseRemoteConfig.framework; path = Carthage/Build/iOS/FirebaseRemoteConfig.framework; sourceTree = "<group>"; };
		552899051FCA3F3500A3195A /* FirebaseCore.framework */ = {isa = PBXFileReference; lastKnownFileType = wrapper.framework; name = FirebaseCore.framework; path = Carthage/Build/iOS/FirebaseCore.framework; sourceTree = "<group>"; };
		552899061FCA3F3500A3195A /* GoogleAPIClientForREST.framework */ = {isa = PBXFileReference; lastKnownFileType = wrapper.framework; name = GoogleAPIClientForREST.framework; path = Carthage/Build/iOS/GoogleAPIClientForREST.framework; sourceTree = "<group>"; };
		552899071FCA3F3500A3195A /* FirebaseInstanceID.framework */ = {isa = PBXFileReference; lastKnownFileType = wrapper.framework; name = FirebaseInstanceID.framework; path = Carthage/Build/iOS/FirebaseInstanceID.framework; sourceTree = "<group>"; };
		552899081FCA3F3500A3195A /* FirebasePerformance.framework */ = {isa = PBXFileReference; lastKnownFileType = wrapper.framework; name = FirebasePerformance.framework; path = Carthage/Build/iOS/FirebasePerformance.framework; sourceTree = "<group>"; };
		552899091FCA3F3500A3195A /* FirebaseStorage.framework */ = {isa = PBXFileReference; lastKnownFileType = wrapper.framework; name = FirebaseStorage.framework; path = Carthage/Build/iOS/FirebaseStorage.framework; sourceTree = "<group>"; };
		5528990A1FCA3F3500A3195A /* gRPC.framework */ = {isa = PBXFileReference; lastKnownFileType = wrapper.framework; name = gRPC.framework; path = Carthage/Build/iOS/gRPC.framework; sourceTree = "<group>"; };
		5528990B1FCA3F3500A3195A /* FirebaseMessaging.framework */ = {isa = PBXFileReference; lastKnownFileType = wrapper.framework; name = FirebaseMessaging.framework; path = Carthage/Build/iOS/FirebaseMessaging.framework; sourceTree = "<group>"; };
		5528990C1FCA3F3500A3195A /* FirebaseFirestore.framework */ = {isa = PBXFileReference; lastKnownFileType = wrapper.framework; name = FirebaseFirestore.framework; path = Carthage/Build/iOS/FirebaseFirestore.framework; sourceTree = "<group>"; };
		5528990D1FCA3F3500A3195A /* FirebaseAuth.framework */ = {isa = PBXFileReference; lastKnownFileType = wrapper.framework; name = FirebaseAuth.framework; path = Carthage/Build/iOS/FirebaseAuth.framework; sourceTree = "<group>"; };
		5528990E1FCA3F3600A3195A /* GTMOAuth2.framework */ = {isa = PBXFileReference; lastKnownFileType = wrapper.framework; name = GTMOAuth2.framework; path = Carthage/Build/iOS/GTMOAuth2.framework; sourceTree = "<group>"; };
		5528990F1FCA3F3600A3195A /* FirebaseNanoPB.framework */ = {isa = PBXFileReference; lastKnownFileType = wrapper.framework; name = FirebaseNanoPB.framework; path = Carthage/Build/iOS/FirebaseNanoPB.framework; sourceTree = "<group>"; };
		552899101FCA3F3600A3195A /* gRPC-ProtoRPC.framework */ = {isa = PBXFileReference; lastKnownFileType = wrapper.framework; name = "gRPC-ProtoRPC.framework"; path = "Carthage/Build/iOS/gRPC-ProtoRPC.framework"; sourceTree = "<group>"; };
		552899111FCA3F3600A3195A /* leveldb-library.framework */ = {isa = PBXFileReference; lastKnownFileType = wrapper.framework; name = "leveldb-library.framework"; path = "Carthage/Build/iOS/leveldb-library.framework"; sourceTree = "<group>"; };
		552899121FCA3F3600A3195A /* FirebaseDatabase.framework */ = {isa = PBXFileReference; lastKnownFileType = wrapper.framework; name = FirebaseDatabase.framework; path = Carthage/Build/iOS/FirebaseDatabase.framework; sourceTree = "<group>"; };
		552899131FCA3F3600A3195A /* gRPC-RxLibrary.framework */ = {isa = PBXFileReference; lastKnownFileType = wrapper.framework; name = "gRPC-RxLibrary.framework"; path = "Carthage/Build/iOS/gRPC-RxLibrary.framework"; sourceTree = "<group>"; };
		552899141FCA3F3600A3195A /* FirebaseABTesting.framework */ = {isa = PBXFileReference; lastKnownFileType = wrapper.framework; name = FirebaseABTesting.framework; path = Carthage/Build/iOS/FirebaseABTesting.framework; sourceTree = "<group>"; };
		552899151FCA3F3600A3195A /* gRPC-Core.framework */ = {isa = PBXFileReference; lastKnownFileType = wrapper.framework; name = "gRPC-Core.framework"; path = "Carthage/Build/iOS/gRPC-Core.framework"; sourceTree = "<group>"; };
		552899161FCA3F3600A3195A /* FirebaseCrash.framework */ = {isa = PBXFileReference; lastKnownFileType = wrapper.framework; name = FirebaseCrash.framework; path = Carthage/Build/iOS/FirebaseCrash.framework; sourceTree = "<group>"; };
		552899171FCA3F3600A3195A /* GoogleSignIn.framework */ = {isa = PBXFileReference; lastKnownFileType = wrapper.framework; name = GoogleSignIn.framework; path = Carthage/Build/iOS/GoogleSignIn.framework; sourceTree = "<group>"; };
		552899181FCA3F3600A3195A /* GoogleToolboxForMac.framework */ = {isa = PBXFileReference; lastKnownFileType = wrapper.framework; name = GoogleToolboxForMac.framework; path = Carthage/Build/iOS/GoogleToolboxForMac.framework; sourceTree = "<group>"; };
		552899191FCA3F3700A3195A /* BoringSSL.framework */ = {isa = PBXFileReference; lastKnownFileType = wrapper.framework; name = BoringSSL.framework; path = Carthage/Build/iOS/BoringSSL.framework; sourceTree = "<group>"; };
		5528991A1FCA3F3700A3195A /* nanopb.framework */ = {isa = PBXFileReference; lastKnownFileType = wrapper.framework; name = nanopb.framework; path = Carthage/Build/iOS/nanopb.framework; sourceTree = "<group>"; };
		5528991B1FCA3F3700A3195A /* GoogleMobileAds.framework */ = {isa = PBXFileReference; lastKnownFileType = wrapper.framework; name = GoogleMobileAds.framework; path = Carthage/Build/iOS/GoogleMobileAds.framework; sourceTree = "<group>"; };
		5528991C1FCA3F3700A3195A /* FirebaseInvites.framework */ = {isa = PBXFileReference; lastKnownFileType = wrapper.framework; name = FirebaseInvites.framework; path = Carthage/Build/iOS/FirebaseInvites.framework; sourceTree = "<group>"; };
		5528991D1FCA3F3700A3195A /* FirebaseDynamicLinks.framework */ = {isa = PBXFileReference; lastKnownFileType = wrapper.framework; name = FirebaseDynamicLinks.framework; path = Carthage/Build/iOS/FirebaseDynamicLinks.framework; sourceTree = "<group>"; };
		5528993C1FCA5F3100A3195A /* PeapodSwipe.entitlements */ = {isa = PBXFileReference; lastKnownFileType = text.plist.entitlements; path = PeapodSwipe.entitlements; sourceTree = "<group>"; };
		A99BBCCB1EF89B4D00ACBF7B /* Product.swift */ = {isa = PBXFileReference; fileEncoding = 4; lastKnownFileType = sourcecode.swift; path = Product.swift; sourceTree = "<group>"; };
		A9ADFB8F1EEF5D770044D45B /* PeapodSwipe.app */ = {isa = PBXFileReference; explicitFileType = wrapper.application; includeInIndex = 0; path = PeapodSwipe.app; sourceTree = BUILT_PRODUCTS_DIR; };
		A9ADFB921EEF5D770044D45B /* AppDelegate.swift */ = {isa = PBXFileReference; lastKnownFileType = sourcecode.swift; path = AppDelegate.swift; sourceTree = "<group>"; };
		A9ADFB941EEF5D770044D45B /* ViewController.swift */ = {isa = PBXFileReference; lastKnownFileType = sourcecode.swift; path = ViewController.swift; sourceTree = "<group>"; };
		A9ADFB971EEF5D770044D45B /* Base */ = {isa = PBXFileReference; lastKnownFileType = file.storyboard; name = Base; path = Base.lproj/Main.storyboard; sourceTree = "<group>"; };
		A9ADFB991EEF5D770044D45B /* Assets.xcassets */ = {isa = PBXFileReference; lastKnownFileType = folder.assetcatalog; path = Assets.xcassets; sourceTree = "<group>"; };
		A9ADFB9C1EEF5D770044D45B /* Base */ = {isa = PBXFileReference; lastKnownFileType = file.storyboard; name = Base; path = Base.lproj/LaunchScreen.storyboard; sourceTree = "<group>"; };
		A9ADFB9E1EEF5D770044D45B /* Info.plist */ = {isa = PBXFileReference; lastKnownFileType = text.plist.xml; path = Info.plist; sourceTree = "<group>"; };
		A9ADFBA31EEF5D780044D45B /* PeapodSwipeTests.xctest */ = {isa = PBXFileReference; explicitFileType = wrapper.cfbundle; includeInIndex = 0; path = PeapodSwipeTests.xctest; sourceTree = BUILT_PRODUCTS_DIR; };
		A9ADFBA91EEF5D780044D45B /* Info.plist */ = {isa = PBXFileReference; lastKnownFileType = text.plist.xml; path = Info.plist; sourceTree = "<group>"; };
		A9ADFBAE1EEF5D780044D45B /* PeapodSwipeUITests.xctest */ = {isa = PBXFileReference; explicitFileType = wrapper.cfbundle; includeInIndex = 0; path = PeapodSwipeUITests.xctest; sourceTree = BUILT_PRODUCTS_DIR; };
		A9ADFBB21EEF5D780044D45B /* PeapodSwipeUITests.swift */ = {isa = PBXFileReference; lastKnownFileType = sourcecode.swift; path = PeapodSwipeUITests.swift; sourceTree = "<group>"; };
		A9ADFBB41EEF5D780044D45B /* Info.plist */ = {isa = PBXFileReference; lastKnownFileType = text.plist.xml; path = Info.plist; sourceTree = "<group>"; };
		A9ADFBC01EEF69B20044D45B /* CardView.swift */ = {isa = PBXFileReference; fileEncoding = 4; lastKnownFileType = sourcecode.swift; path = CardView.swift; sourceTree = "<group>"; };
		A9ADFBC21EEF69CB0044D45B /* ImageCard.swift */ = {isa = PBXFileReference; fileEncoding = 4; lastKnownFileType = sourcecode.swift; path = ImageCard.swift; sourceTree = "<group>"; };
		A9B92CCE1F393A8D00274428 /* ProductImage.swift */ = {isa = PBXFileReference; fileEncoding = 4; lastKnownFileType = sourcecode.swift; path = ProductImage.swift; sourceTree = "<group>"; };
		A9B92CD11F39419C00274428 /* Alamofire.framework */ = {isa = PBXFileReference; lastKnownFileType = wrapper.framework; name = Alamofire.framework; path = Carthage/Build/iOS/Alamofire.framework; sourceTree = "<group>"; };
		A9B92CD31F39424200274428 /* Gloss.framework */ = {isa = PBXFileReference; lastKnownFileType = wrapper.framework; name = Gloss.framework; path = Carthage/Build/iOS/Gloss.framework; sourceTree = "<group>"; };
/* End PBXFileReference section */

/* Begin PBXFrameworksBuildPhase section */
		A9ADFB8C1EEF5D770044D45B /* Frameworks */ = {
			isa = PBXFrameworksBuildPhase;
			buildActionMask = 2147483647;
			files = (
				552898FE1FCA37B100A3195A /* Firebase.framework in Frameworks */,
				552898FA1FCA291000A3195A /* SnapKit.framework in Frameworks */,
				A9B92CD41F39424200274428 /* Gloss.framework in Frameworks */,
				A9B92CD21F39419C00274428 /* Alamofire.framework in Frameworks */,
			);
			runOnlyForDeploymentPostprocessing = 0;
		};
		A9ADFBA01EEF5D780044D45B /* Frameworks */ = {
			isa = PBXFrameworksBuildPhase;
			buildActionMask = 2147483647;
			files = (
			);
			runOnlyForDeploymentPostprocessing = 0;
		};
		A9ADFBAB1EEF5D780044D45B /* Frameworks */ = {
			isa = PBXFrameworksBuildPhase;
			buildActionMask = 2147483647;
			files = (
			);
			runOnlyForDeploymentPostprocessing = 0;
		};
/* End PBXFrameworksBuildPhase section */

/* Begin PBXGroup section */
		552898F21FCA121300A3195A /* Extensions */ = {
			isa = PBXGroup;
			children = (
				552898F31FCA124400A3195A /* UIColorExtension.swift */,
			);
			name = Extensions;
			sourceTree = "<group>";
		};
		552898FF1FCA3DB500A3195A /* UserTour */ = {
			isa = PBXGroup;
			children = (
			);
			name = UserTour;
			sourceTree = "<group>";
		};
		A99BBCCA1EF89AC000ACBF7B /* Model */ = {
			isa = PBXGroup;
			children = (
				A99BBCCB1EF89B4D00ACBF7B /* Product.swift */,
				A9B92CCE1F393A8D00274428 /* ProductImage.swift */,
			);
			name = Model;
			sourceTree = "<group>";
		};
		A9ADFB861EEF5D770044D45B = {
			isa = PBXGroup;
			children = (
				A9ADFB911EEF5D770044D45B /* PeapodSwipe */,
				A9ADFBA61EEF5D780044D45B /* PeapodSwipeTests */,
				A9ADFBB11EEF5D780044D45B /* PeapodSwipeUITests */,
				A9ADFB901EEF5D770044D45B /* Products */,
				A9B92CD01F39419C00274428 /* Frameworks */,
			);
			sourceTree = "<group>";
		};
		A9ADFB901EEF5D770044D45B /* Products */ = {
			isa = PBXGroup;
			children = (
				A9ADFB8F1EEF5D770044D45B /* PeapodSwipe.app */,
				A9ADFBA31EEF5D780044D45B /* PeapodSwipeTests.xctest */,
				A9ADFBAE1EEF5D780044D45B /* PeapodSwipeUITests.xctest */,
			);
			name = Products;
			sourceTree = "<group>";
		};
		A9ADFB911EEF5D770044D45B /* PeapodSwipe */ = {
			isa = PBXGroup;
			children = (
				552898F21FCA121300A3195A /* Extensions */,
				A99BBCCA1EF89AC000ACBF7B /* Model */,
				A9ADFBC51EEF6ADE0044D45B /* Login */,
				552898FF1FCA3DB500A3195A /* UserTour */,
				A9ADFBC41EEF6ACF0044D45B /* Cards */,
				A9ADFB921EEF5D770044D45B /* AppDelegate.swift */,
				A9ADFB941EEF5D770044D45B /* ViewController.swift */,
				A9ADFB961EEF5D770044D45B /* Main.storyboard */,
				A9ADFB991EEF5D770044D45B /* Assets.xcassets */,
				A9ADFB9B1EEF5D770044D45B /* LaunchScreen.storyboard */,
				A9ADFB9E1EEF5D770044D45B /* Info.plist */,
				5528993C1FCA5F3100A3195A /* PeapodSwipe.entitlements */,
				552898FB1FCA332900A3195A /* GoogleService-Info.plist */,
			);
			path = PeapodSwipe;
			sourceTree = "<group>";
		};
		A9ADFBA61EEF5D780044D45B /* PeapodSwipeTests */ = {
			isa = PBXGroup;
			children = (
				A9ADFBA91EEF5D780044D45B /* Info.plist */,
			);
			path = PeapodSwipeTests;
			sourceTree = "<group>";
		};
		A9ADFBB11EEF5D780044D45B /* PeapodSwipeUITests */ = {
			isa = PBXGroup;
			children = (
				A9ADFBB21EEF5D780044D45B /* PeapodSwipeUITests.swift */,
				A9ADFBB41EEF5D780044D45B /* Info.plist */,
			);
			path = PeapodSwipeUITests;
			sourceTree = "<group>";
		};
		A9ADFBC41EEF6ACF0044D45B /* Cards */ = {
			isa = PBXGroup;
			children = (
				A9ADFBC21EEF69CB0044D45B /* ImageCard.swift */,
				A9ADFBC01EEF69B20044D45B /* CardView.swift */,
				552898F51FCA177200A3195A /* CardViewLabel.swift */,
			);
			name = Cards;
			sourceTree = "<group>";
		};
		A9ADFBC51EEF6ADE0044D45B /* Login */ = {
			isa = PBXGroup;
			children = (
				552898F71FCA244500A3195A /* AuthViewController.swift */,
			);
			name = Login;
			sourceTree = "<group>";
		};
		A9B92CD01F39419C00274428 /* Frameworks */ = {
			isa = PBXGroup;
			children = (
				552899191FCA3F3700A3195A /* BoringSSL.framework */,
				552899141FCA3F3600A3195A /* FirebaseABTesting.framework */,
				552899021FCA3F3400A3195A /* FirebaseAnalytics.framework */,
				5528990D1FCA3F3500A3195A /* FirebaseAuth.framework */,
				552899051FCA3F3500A3195A /* FirebaseCore.framework */,
				552899031FCA3F3500A3195A /* FirebaseCoreDiagnostics.framework */,
				552899161FCA3F3600A3195A /* FirebaseCrash.framework */,
				552899121FCA3F3600A3195A /* FirebaseDatabase.framework */,
				5528991D1FCA3F3700A3195A /* FirebaseDynamicLinks.framework */,
				5528990C1FCA3F3500A3195A /* FirebaseFirestore.framework */,
				552899071FCA3F3500A3195A /* FirebaseInstanceID.framework */,
				5528991C1FCA3F3700A3195A /* FirebaseInvites.framework */,
				5528990B1FCA3F3500A3195A /* FirebaseMessaging.framework */,
				5528990F1FCA3F3600A3195A /* FirebaseNanoPB.framework */,
				552899081FCA3F3500A3195A /* FirebasePerformance.framework */,
				552899041FCA3F3500A3195A /* FirebaseRemoteConfig.framework */,
				552899091FCA3F3500A3195A /* FirebaseStorage.framework */,
				552899061FCA3F3500A3195A /* GoogleAPIClientForREST.framework */,
				5528991B1FCA3F3700A3195A /* GoogleMobileAds.framework */,
				552899171FCA3F3600A3195A /* GoogleSignIn.framework */,
				552899181FCA3F3600A3195A /* GoogleToolboxForMac.framework */,
				552899151FCA3F3600A3195A /* gRPC-Core.framework */,
				552899101FCA3F3600A3195A /* gRPC-ProtoRPC.framework */,
				552899131FCA3F3600A3195A /* gRPC-RxLibrary.framework */,
				5528990A1FCA3F3500A3195A /* gRPC.framework */,
				5528990E1FCA3F3600A3195A /* GTMOAuth2.framework */,
				552899011FCA3F3400A3195A /* GTMSessionFetcher.framework */,
				552899111FCA3F3600A3195A /* leveldb-library.framework */,
				5528991A1FCA3F3700A3195A /* nanopb.framework */,
				552899001FCA3F3400A3195A /* Protobuf.framework */,
				552898FD1FCA37B100A3195A /* Firebase.framework */,
				552898F91FCA291000A3195A /* SnapKit.framework */,
				A9B92CD31F39424200274428 /* Gloss.framework */,
				A9B92CD11F39419C00274428 /* Alamofire.framework */,
			);
			name = Frameworks;
			sourceTree = "<group>";
		};
/* End PBXGroup section */

/* Begin PBXNativeTarget section */
		A9ADFB8E1EEF5D770044D45B /* PeapodSwipe */ = {
			isa = PBXNativeTarget;
			buildConfigurationList = A9ADFBB71EEF5D780044D45B /* Build configuration list for PBXNativeTarget "PeapodSwipe" */;
			buildPhases = (
				A9ADFB8B1EEF5D770044D45B /* Sources */,
				A9ADFB8C1EEF5D770044D45B /* Frameworks */,
				A9ADFB8D1EEF5D770044D45B /* Resources */,
				A9B92CD51F39427700274428 /* Run Script */,
			);
			buildRules = (
			);
			dependencies = (
			);
			name = PeapodSwipe;
			productName = "Peapod Swipe";
			productReference = A9ADFB8F1EEF5D770044D45B /* PeapodSwipe.app */;
			productType = "com.apple.product-type.application";
		};
		A9ADFBA21EEF5D780044D45B /* PeapodSwipeTests */ = {
			isa = PBXNativeTarget;
			buildConfigurationList = A9ADFBBA1EEF5D780044D45B /* Build configuration list for PBXNativeTarget "PeapodSwipeTests" */;
			buildPhases = (
				A9ADFB9F1EEF5D780044D45B /* Sources */,
				A9ADFBA01EEF5D780044D45B /* Frameworks */,
				A9ADFBA11EEF5D780044D45B /* Resources */,
			);
			buildRules = (
			);
			dependencies = (
				A9ADFBA51EEF5D780044D45B /* PBXTargetDependency */,
			);
			name = PeapodSwipeTests;
			productName = pPeapodSwipeTests;
			productReference = A9ADFBA31EEF5D780044D45B /* PeapodSwipeTests.xctest */;
			productType = "com.apple.product-type.bundle.unit-test";
		};
		A9ADFBAD1EEF5D780044D45B /* PeapodSwipeUITests */ = {
			isa = PBXNativeTarget;
			buildConfigurationList = A9ADFBBD1EEF5D780044D45B /* Build configuration list for PBXNativeTarget "PeapodSwipeUITests" */;
			buildPhases = (
				A9ADFBAA1EEF5D780044D45B /* Sources */,
				A9ADFBAB1EEF5D780044D45B /* Frameworks */,
				A9ADFBAC1EEF5D780044D45B /* Resources */,
			);
			buildRules = (
			);
			dependencies = (
				A9ADFBB01EEF5D780044D45B /* PBXTargetDependency */,
			);
			name = PeapodSwipeUITests;
			productName = PeapodSwipeUITests;
			productReference = A9ADFBAE1EEF5D780044D45B /* PeapodSwipeUITests.xctest */;
			productType = "com.apple.product-type.bundle.ui-testing";
		};
/* End PBXNativeTarget section */

/* Begin PBXProject section */
		A9ADFB871EEF5D770044D45B /* Project object */ = {
			isa = PBXProject;
			attributes = {
				LastSwiftUpdateCheck = 0830;
				LastUpgradeCheck = 0910;
				ORGANIZATIONNAME = "Xinjiang Shao";
				TargetAttributes = {
					A9ADFB8E1EEF5D770044D45B = {
						CreatedOnToolsVersion = 8.3.3;
						DevelopmentTeam = 63YV2X6Y4E;
						LastSwiftMigration = 0910;
						ProvisioningStyle = Automatic;
						SystemCapabilities = {
							com.apple.Push = {
								enabled = 1;
							};
							com.apple.SafariKeychain = {
								enabled = 1;
							};
						};
					};
					A9ADFBA21EEF5D780044D45B = {
						CreatedOnToolsVersion = 8.3.3;
						DevelopmentTeam = Q7YZ6U36NH;
						LastSwiftMigration = 0910;
						ProvisioningStyle = Automatic;
						TestTargetID = A9ADFB8E1EEF5D770044D45B;
					};
					A9ADFBAD1EEF5D780044D45B = {
						CreatedOnToolsVersion = 8.3.3;
						DevelopmentTeam = Q7YZ6U36NH;
						LastSwiftMigration = 0910;
						ProvisioningStyle = Automatic;
						TestTargetID = A9ADFB8E1EEF5D770044D45B;
					};
				};
			};
			buildConfigurationList = A9ADFB8A1EEF5D770044D45B /* Build configuration list for PBXProject "PeapodSwipe" */;
			compatibilityVersion = "Xcode 3.2";
			developmentRegion = English;
			hasScannedForEncodings = 0;
			knownRegions = (
				en,
				Base,
			);
			mainGroup = A9ADFB861EEF5D770044D45B;
			productRefGroup = A9ADFB901EEF5D770044D45B /* Products */;
			projectDirPath = "";
			projectRoot = "";
			targets = (
				A9ADFB8E1EEF5D770044D45B /* PeapodSwipe */,
				A9ADFBA21EEF5D780044D45B /* PeapodSwipeTests */,
				A9ADFBAD1EEF5D780044D45B /* PeapodSwipeUITests */,
			);
		};
/* End PBXProject section */

/* Begin PBXResourcesBuildPhase section */
		A9ADFB8D1EEF5D770044D45B /* Resources */ = {
			isa = PBXResourcesBuildPhase;
			buildActionMask = 2147483647;
			files = (
				A9ADFB9D1EEF5D770044D45B /* LaunchScreen.storyboard in Resources */,
				552898FC1FCA332900A3195A /* GoogleService-Info.plist in Resources */,
				A9ADFB9A1EEF5D770044D45B /* Assets.xcassets in Resources */,
				A9ADFB981EEF5D770044D45B /* Main.storyboard in Resources */,
			);
			runOnlyForDeploymentPostprocessing = 0;
		};
		A9ADFBA11EEF5D780044D45B /* Resources */ = {
			isa = PBXResourcesBuildPhase;
			buildActionMask = 2147483647;
			files = (
			);
			runOnlyForDeploymentPostprocessing = 0;
		};
		A9ADFBAC1EEF5D780044D45B /* Resources */ = {
			isa = PBXResourcesBuildPhase;
			buildActionMask = 2147483647;
			files = (
			);
			runOnlyForDeploymentPostprocessing = 0;
		};
/* End PBXResourcesBuildPhase section */

/* Begin PBXShellScriptBuildPhase section */
		A9B92CD51F39427700274428 /* Run Script */ = {
			isa = PBXShellScriptBuildPhase;
			buildActionMask = 2147483647;
			files = (
			);
			inputPaths = (
				"$(SRCROOT)/Carthage/Build/iOS/Alamofire.framework",
				"$(SRCROOT)/Carthage/Build/iOS/Gloss.framework",
				"$(SRCROOT)/Carthage/Build/iOS/SnapKit.framework",
				"$(SRCROOT)/Carthage/Build/iOS/Firebase.framework",
			);
			name = "Run Script";
			outputPaths = (
				"$(BUILT_PRODUCTS_DIR)/$(FRAMEWORKS_FOLDER_PATH)/Alamofire.framework",
				"$(BUILT_PRODUCTS_DIR)/$(FRAMEWORKS_FOLDER_PATH)/Gloss.framework",
				"$(BUILT_PRODUCTS_DIR)/$(FRAMEWORKS_FOLDER_PATH)/SnapKit.framework",
				"$(BUILT_PRODUCTS_DIR)/$(FRAMEWORKS_FOLDER_PATH)/Firebase.framework",
			);
			runOnlyForDeploymentPostprocessing = 0;
			shellPath = /bin/sh;
			shellScript = "/usr/local/bin/carthage copy-frameworks";
		};
/* End PBXShellScriptBuildPhase section */

/* Begin PBXSourcesBuildPhase section */
		A9ADFB8B1EEF5D770044D45B /* Sources */ = {
			isa = PBXSourcesBuildPhase;
			buildActionMask = 2147483647;
			files = (
				A9ADFB951EEF5D770044D45B /* ViewController.swift in Sources */,
				552898F41FCA124400A3195A /* UIColorExtension.swift in Sources */,
				A9ADFBC11EEF69B20044D45B /* CardView.swift in Sources */,
				552898F61FCA177200A3195A /* CardViewLabel.swift in Sources */,
				A99BBCCC1EF89B4D00ACBF7B /* Product.swift in Sources */,
				A9ADFB931EEF5D770044D45B /* AppDelegate.swift in Sources */,
				A9B92CCF1F393A8D00274428 /* ProductImage.swift in Sources */,
				552898F81FCA244500A3195A /* AuthViewController.swift in Sources */,
				A9ADFBC31EEF69CB0044D45B /* ImageCard.swift in Sources */,
			);
			runOnlyForDeploymentPostprocessing = 0;
		};
		A9ADFB9F1EEF5D780044D45B /* Sources */ = {
			isa = PBXSourcesBuildPhase;
			buildActionMask = 2147483647;
			files = (
			);
			runOnlyForDeploymentPostprocessing = 0;
		};
		A9ADFBAA1EEF5D780044D45B /* Sources */ = {
			isa = PBXSourcesBuildPhase;
			buildActionMask = 2147483647;
			files = (
				A9ADFBB31EEF5D780044D45B /* PeapodSwipeUITests.swift in Sources */,
			);
			runOnlyForDeploymentPostprocessing = 0;
		};
/* End PBXSourcesBuildPhase section */

/* Begin PBXTargetDependency section */
		A9ADFBA51EEF5D780044D45B /* PBXTargetDependency */ = {
			isa = PBXTargetDependency;
			target = A9ADFB8E1EEF5D770044D45B /* PeapodSwipe */;
			targetProxy = A9ADFBA41EEF5D780044D45B /* PBXContainerItemProxy */;
		};
		A9ADFBB01EEF5D780044D45B /* PBXTargetDependency */ = {
			isa = PBXTargetDependency;
			target = A9ADFB8E1EEF5D770044D45B /* PeapodSwipe */;
			targetProxy = A9ADFBAF1EEF5D780044D45B /* PBXContainerItemProxy */;
		};
/* End PBXTargetDependency section */

/* Begin PBXVariantGroup section */
		A9ADFB961EEF5D770044D45B /* Main.storyboard */ = {
			isa = PBXVariantGroup;
			children = (
				A9ADFB971EEF5D770044D45B /* Base */,
			);
			name = Main.storyboard;
			sourceTree = "<group>";
		};
		A9ADFB9B1EEF5D770044D45B /* LaunchScreen.storyboard */ = {
			isa = PBXVariantGroup;
			children = (
				A9ADFB9C1EEF5D770044D45B /* Base */,
			);
			name = LaunchScreen.storyboard;
			sourceTree = "<group>";
		};
/* End PBXVariantGroup section */

/* Begin XCBuildConfiguration section */
		A9ADFBB51EEF5D780044D45B /* Debug */ = {
			isa = XCBuildConfiguration;
			buildSettings = {
				ALWAYS_SEARCH_USER_PATHS = NO;
				CLANG_ANALYZER_NONNULL = YES;
				CLANG_ANALYZER_NUMBER_OBJECT_CONVERSION = YES_AGGRESSIVE;
				CLANG_CXX_LANGUAGE_STANDARD = "gnu++0x";
				CLANG_CXX_LIBRARY = "libc++";
				CLANG_ENABLE_MODULES = YES;
				CLANG_ENABLE_OBJC_ARC = YES;
				CLANG_WARN_BLOCK_CAPTURE_AUTORELEASING = YES;
				CLANG_WARN_BOOL_CONVERSION = YES;
				CLANG_WARN_COMMA = YES;
				CLANG_WARN_CONSTANT_CONVERSION = YES;
				CLANG_WARN_DIRECT_OBJC_ISA_USAGE = YES_ERROR;
				CLANG_WARN_DOCUMENTATION_COMMENTS = YES;
				CLANG_WARN_EMPTY_BODY = YES;
				CLANG_WARN_ENUM_CONVERSION = YES;
				CLANG_WARN_INFINITE_RECURSION = YES;
				CLANG_WARN_INT_CONVERSION = YES;
				CLANG_WARN_NON_LITERAL_NULL_CONVERSION = YES;
				CLANG_WARN_OBJC_LITERAL_CONVERSION = YES;
				CLANG_WARN_OBJC_ROOT_CLASS = YES_ERROR;
				CLANG_WARN_RANGE_LOOP_ANALYSIS = YES;
				CLANG_WARN_STRICT_PROTOTYPES = YES;
				CLANG_WARN_SUSPICIOUS_MOVE = YES;
				CLANG_WARN_UNREACHABLE_CODE = YES;
				CLANG_WARN__DUPLICATE_METHOD_MATCH = YES;
				"CODE_SIGN_IDENTITY[sdk=iphoneos*]" = "iPhone Developer";
				COPY_PHASE_STRIP = NO;
				DEBUG_INFORMATION_FORMAT = dwarf;
				ENABLE_STRICT_OBJC_MSGSEND = YES;
				ENABLE_TESTABILITY = YES;
				GCC_C_LANGUAGE_STANDARD = gnu99;
				GCC_DYNAMIC_NO_PIC = NO;
				GCC_NO_COMMON_BLOCKS = YES;
				GCC_OPTIMIZATION_LEVEL = 0;
				GCC_PREPROCESSOR_DEFINITIONS = (
					"DEBUG=1",
					"$(inherited)",
				);
				GCC_WARN_64_TO_32_BIT_CONVERSION = YES;
				GCC_WARN_ABOUT_RETURN_TYPE = YES_ERROR;
				GCC_WARN_UNDECLARED_SELECTOR = YES;
				GCC_WARN_UNINITIALIZED_AUTOS = YES_AGGRESSIVE;
				GCC_WARN_UNUSED_FUNCTION = YES;
				GCC_WARN_UNUSED_VARIABLE = YES;
				IPHONEOS_DEPLOYMENT_TARGET = 10.3;
				MTL_ENABLE_DEBUG_INFO = YES;
				ONLY_ACTIVE_ARCH = YES;
				OTHER_LDFLAGS = (
					"$(OTHER_LDFLAGS)",
					"-ObjC",
				);
				SDKROOT = iphoneos;
				SWIFT_ACTIVE_COMPILATION_CONDITIONS = DEBUG;
				SWIFT_OPTIMIZATION_LEVEL = "-Onone";
				TARGETED_DEVICE_FAMILY = "1,2";
			};
			name = Debug;
		};
		A9ADFBB61EEF5D780044D45B /* Release */ = {
			isa = XCBuildConfiguration;
			buildSettings = {
				ALWAYS_SEARCH_USER_PATHS = NO;
				CLANG_ANALYZER_NONNULL = YES;
				CLANG_ANALYZER_NUMBER_OBJECT_CONVERSION = YES_AGGRESSIVE;
				CLANG_CXX_LANGUAGE_STANDARD = "gnu++0x";
				CLANG_CXX_LIBRARY = "libc++";
				CLANG_ENABLE_MODULES = YES;
				CLANG_ENABLE_OBJC_ARC = YES;
				CLANG_WARN_BLOCK_CAPTURE_AUTORELEASING = YES;
				CLANG_WARN_BOOL_CONVERSION = YES;
				CLANG_WARN_COMMA = YES;
				CLANG_WARN_CONSTANT_CONVERSION = YES;
				CLANG_WARN_DIRECT_OBJC_ISA_USAGE = YES_ERROR;
				CLANG_WARN_DOCUMENTATION_COMMENTS = YES;
				CLANG_WARN_EMPTY_BODY = YES;
				CLANG_WARN_ENUM_CONVERSION = YES;
				CLANG_WARN_INFINITE_RECURSION = YES;
				CLANG_WARN_INT_CONVERSION = YES;
				CLANG_WARN_NON_LITERAL_NULL_CONVERSION = YES;
				CLANG_WARN_OBJC_LITERAL_CONVERSION = YES;
				CLANG_WARN_OBJC_ROOT_CLASS = YES_ERROR;
				CLANG_WARN_RANGE_LOOP_ANALYSIS = YES;
				CLANG_WARN_STRICT_PROTOTYPES = YES;
				CLANG_WARN_SUSPICIOUS_MOVE = YES;
				CLANG_WARN_UNREACHABLE_CODE = YES;
				CLANG_WARN__DUPLICATE_METHOD_MATCH = YES;
				"CODE_SIGN_IDENTITY[sdk=iphoneos*]" = "iPhone Developer";
				COPY_PHASE_STRIP = NO;
				DEBUG_INFORMATION_FORMAT = "dwarf-with-dsym";
				ENABLE_NS_ASSERTIONS = NO;
				ENABLE_STRICT_OBJC_MSGSEND = YES;
				GCC_C_LANGUAGE_STANDARD = gnu99;
				GCC_NO_COMMON_BLOCKS = YES;
				GCC_WARN_64_TO_32_BIT_CONVERSION = YES;
				GCC_WARN_ABOUT_RETURN_TYPE = YES_ERROR;
				GCC_WARN_UNDECLARED_SELECTOR = YES;
				GCC_WARN_UNINITIALIZED_AUTOS = YES_AGGRESSIVE;
				GCC_WARN_UNUSED_FUNCTION = YES;
				GCC_WARN_UNUSED_VARIABLE = YES;
				IPHONEOS_DEPLOYMENT_TARGET = 10.3;
				MTL_ENABLE_DEBUG_INFO = NO;
				OTHER_LDFLAGS = (
					"$(OTHER_LDFLAGS)",
					"-ObjC",
				);
				SDKROOT = iphoneos;
				SWIFT_OPTIMIZATION_LEVEL = "-Owholemodule";
				TARGETED_DEVICE_FAMILY = "1,2";
				VALIDATE_PRODUCT = YES;
			};
			name = Release;
		};
		A9ADFBB81EEF5D780044D45B /* Debug */ = {
			isa = XCBuildConfiguration;
			buildSettings = {
				ASSETCATALOG_COMPILER_APPICON_NAME = AppIcon;
				CODE_SIGN_ENTITLEMENTS = PeapodSwipe/PeapodSwipe.entitlements;
				DEVELOPMENT_TEAM = 63YV2X6Y4E;
				FRAMEWORK_SEARCH_PATHS = (
					"$(inherited)",
					"$(PROJECT_DIR)/Carthage/Build/iOS",
				);
				INFOPLIST_FILE = PeapodSwipe/Info.plist;
				IPHONEOS_DEPLOYMENT_TARGET = 11.0;
				LD_RUNPATH_SEARCH_PATHS = "$(inherited) @executable_path/Frameworks";
				OTHER_LDFLAGS = "$(inherited)";
				PRODUCT_BUNDLE_IDENTIFIER = "com.xinjiangshao.peapod-swipe.mobile";
				PRODUCT_NAME = "$(TARGET_NAME)";
				SWIFT_SWIFT3_OBJC_INFERENCE = On;
				SWIFT_VERSION = 4.0;
				TARGETED_DEVICE_FAMILY = "1,2";
			};
			name = Debug;
		};
		A9ADFBB91EEF5D780044D45B /* Release */ = {
			isa = XCBuildConfiguration;
			buildSettings = {
				ASSETCATALOG_COMPILER_APPICON_NAME = AppIcon;
				CODE_SIGN_ENTITLEMENTS = PeapodSwipe/PeapodSwipe.entitlements;
				DEVELOPMENT_TEAM = 63YV2X6Y4E;
				FRAMEWORK_SEARCH_PATHS = (
					"$(inherited)",
					"$(PROJECT_DIR)/Carthage/Build/iOS",
				);
				INFOPLIST_FILE = PeapodSwipe/Info.plist;
				IPHONEOS_DEPLOYMENT_TARGET = 11.0;
				LD_RUNPATH_SEARCH_PATHS = "$(inherited) @executable_path/Frameworks";
				OTHER_LDFLAGS = "$(inherited)";
				PRODUCT_BUNDLE_IDENTIFIER = "com.xinjiangshao.peapod-swipe.mobile";
				PRODUCT_NAME = "$(TARGET_NAME)";
				SWIFT_SWIFT3_OBJC_INFERENCE = On;
				SWIFT_VERSION = 4.0;
				TARGETED_DEVICE_FAMILY = "1,2";
			};
			name = Release;
		};
		A9ADFBBB1EEF5D780044D45B /* Debug */ = {
			isa = XCBuildConfiguration;
			buildSettings = {
				ALWAYS_EMBED_SWIFT_STANDARD_LIBRARIES = YES;
				BUNDLE_LOADER = "$(TEST_HOST)";
				DEVELOPMENT_TEAM = Q7YZ6U36NH;
				INFOPLIST_FILE = PeapodSwipeTests/Info.plist;
				LD_RUNPATH_SEARCH_PATHS = "$(inherited) @executable_path/Frameworks @loader_path/Frameworks";
				PRODUCT_BUNDLE_IDENTIFIER = "com.xinjiangshao.peapod-swipeTests";
				PRODUCT_NAME = "$(TARGET_NAME)";
				SWIFT_SWIFT3_OBJC_INFERENCE = On;
				SWIFT_VERSION = 4.0;
				TEST_HOST = "$(BUILT_PRODUCTS_DIR)/PeapodSwipe.app/PeapodSwipe";
			};
			name = Debug;
		};
		A9ADFBBC1EEF5D780044D45B /* Release */ = {
			isa = XCBuildConfiguration;
			buildSettings = {
				ALWAYS_EMBED_SWIFT_STANDARD_LIBRARIES = YES;
				BUNDLE_LOADER = "$(TEST_HOST)";
				DEVELOPMENT_TEAM = Q7YZ6U36NH;
				INFOPLIST_FILE = PeapodSwipeTests/Info.plist;
				LD_RUNPATH_SEARCH_PATHS = "$(inherited) @executable_path/Frameworks @loader_path/Frameworks";
				PRODUCT_BUNDLE_IDENTIFIER = "com.xinjiangshao.peapod-swipeTests";
				PRODUCT_NAME = "$(TARGET_NAME)";
				SWIFT_SWIFT3_OBJC_INFERENCE = On;
				SWIFT_VERSION = 4.0;
				TEST_HOST = "$(BUILT_PRODUCTS_DIR)/PeapodSwipe.app/PeapodSwipe";
			};
			name = Release;
		};
		A9ADFBBE1EEF5D780044D45B /* Debug */ = {
			isa = XCBuildConfiguration;
			buildSettings = {
				ALWAYS_EMBED_SWIFT_STANDARD_LIBRARIES = YES;
				DEVELOPMENT_TEAM = Q7YZ6U36NH;
				INFOPLIST_FILE = PeapodSwipeUITests/Info.plist;
				LD_RUNPATH_SEARCH_PATHS = "$(inherited) @executable_path/Frameworks @loader_path/Frameworks";
				PRODUCT_BUNDLE_IDENTIFIER = "com.xinjiangshao.peapod-swipeUITests";
				PRODUCT_NAME = "$(TARGET_NAME)";
				SWIFT_SWIFT3_OBJC_INFERENCE = On;
				SWIFT_VERSION = 4.0;
				TEST_TARGET_NAME = "Peapod Swipe";
			};
			name = Debug;
		};
		A9ADFBBF1EEF5D780044D45B /* Release */ = {
			isa = XCBuildConfiguration;
			buildSettings = {
				ALWAYS_EMBED_SWIFT_STANDARD_LIBRARIES = YES;
				DEVELOPMENT_TEAM = Q7YZ6U36NH;
				INFOPLIST_FILE = PeapodSwipeUITests/Info.plist;
				LD_RUNPATH_SEARCH_PATHS = "$(inherited) @executable_path/Frameworks @loader_path/Frameworks";
				PRODUCT_BUNDLE_IDENTIFIER = "com.xinjiangshao.peapod-swipeUITests";
				PRODUCT_NAME = "$(TARGET_NAME)";
				SWIFT_SWIFT3_OBJC_INFERENCE = On;
				SWIFT_VERSION = 4.0;
				TEST_TARGET_NAME = "Peapod Swipe";
			};
			name = Release;
		};
/* End XCBuildConfiguration section */

/* Begin XCConfigurationList section */
		A9ADFB8A1EEF5D770044D45B /* Build configuration list for PBXProject "PeapodSwipe" */ = {
			isa = XCConfigurationList;
			buildConfigurations = (
				A9ADFBB51EEF5D780044D45B /* Debug */,
				A9ADFBB61EEF5D780044D45B /* Release */,
			);
			defaultConfigurationIsVisible = 0;
			defaultConfigurationName = Release;
		};
		A9ADFBB71EEF5D780044D45B /* Build configuration list for PBXNativeTarget "PeapodSwipe" */ = {
			isa = XCConfigurationList;
			buildConfigurations = (
				A9ADFBB81EEF5D780044D45B /* Debug */,
				A9ADFBB91EEF5D780044D45B /* Release */,
			);
			defaultConfigurationIsVisible = 0;
			defaultConfigurationName = Release;
		};
		A9ADFBBA1EEF5D780044D45B /* Build configuration list for PBXNativeTarget "PeapodSwipeTests" */ = {
			isa = XCConfigurationList;
			buildConfigurations = (
				A9ADFBBB1EEF5D780044D45B /* Debug */,
				A9ADFBBC1EEF5D780044D45B /* Release */,
			);
			defaultConfigurationIsVisible = 0;
			defaultConfigurationName = Release;
		};
		A9ADFBBD1EEF5D780044D45B /* Build configuration list for PBXNativeTarget "PeapodSwipeUITests" */ = {
			isa = XCConfigurationList;
			buildConfigurations = (
				A9ADFBBE1EEF5D780044D45B /* Debug */,
				A9ADFBBF1EEF5D780044D45B /* Release */,
			);
			defaultConfigurationIsVisible = 0;
			defaultConfigurationName = Release;
		};
/* End XCConfigurationList section */
	};
	rootObject = A9ADFB871EEF5D770044D45B /* Project object */;
}
