// !$*UTF8*$!
{
	archiveVersion = 1;
	classes = {
	};
	objectVersion = 46;
	objects = {

/* Begin PBXBuildFile section */
		552898F41FCA124400A3195A /* UIColorExtension.swift in Sources */ = {isa = PBXBuildFile; fileRef = 552898F31FCA124400A3195A /* UIColorExtension.swift */; };
		552898F61FCA177200A3195A /* CardViewLabel.swift in Sources */ = {isa = PBXBuildFile; fileRef = 552898F51FCA177200A3195A /* CardViewLabel.swift */; };
		552898F81FCA244500A3195A /* AuthViewController.swift in Sources */ = {isa = PBXBuildFile; fileRef = 552898F71FCA244500A3195A /* AuthViewController.swift */; };
		552898FA1FCA291000A3195A /* SnapKit.framework in Frameworks */ = {isa = PBXBuildFile; fileRef = 552898F91FCA291000A3195A /* SnapKit.framework */; };
		552898FC1FCA332900A3195A /* GoogleService-Info.plist in Resources */ = {isa = PBXBuildFile; fileRef = 552898FB1FCA332900A3195A /* GoogleService-Info.plist */; };
		5530DF4A204B14890066DF67 /* UIButtonExtension.swift in Sources */ = {isa = PBXBuildFile; fileRef = 5530DF49204B14890066DF67 /* UIButtonExtension.swift */; };
		5530DF4E204B24A40066DF67 /* SearchRouter.swift in Sources */ = {isa = PBXBuildFile; fileRef = 5530DF4D204B24A40066DF67 /* SearchRouter.swift */; };
		5535B5C3205D7B3B00D6A5DB /* UIViewControllerExtension.swift in Sources */ = {isa = PBXBuildFile; fileRef = 5535B5C2205D7B3B00D6A5DB /* UIViewControllerExtension.swift */; };
		5535B5C52061DDC500D6A5DB /* ProductNutrition.swift in Sources */ = {isa = PBXBuildFile; fileRef = 5535B5C42061DDC500D6A5DB /* ProductNutrition.swift */; };
		5535B5C72061E94D00D6A5DB /* ProductNutritionLabel.swift in Sources */ = {isa = PBXBuildFile; fileRef = 5535B5C62061E94D00D6A5DB /* ProductNutritionLabel.swift */; };
		5549F55C204B430500E76A41 /* ProductVote.swift in Sources */ = {isa = PBXBuildFile; fileRef = 5549F55B204B430500E76A41 /* ProductVote.swift */; };
		5549F55E204B440700E76A41 /* RecommendedProductsResponse.swift in Sources */ = {isa = PBXBuildFile; fileRef = 5549F55D204B440700E76A41 /* RecommendedProductsResponse.swift */; };
		5549F560204B44A800E76A41 /* RecommendationRouter.swift in Sources */ = {isa = PBXBuildFile; fileRef = 5549F55F204B44A800E76A41 /* RecommendationRouter.swift */; };
		5549F569204B9F9300E76A41 /* SearchViewController.swift in Sources */ = {isa = PBXBuildFile; fileRef = 5549F568204B9F9300E76A41 /* SearchViewController.swift */; };
		5549F56D204BAA2300E76A41 /* ProductSearchDataSource.swift in Sources */ = {isa = PBXBuildFile; fileRef = 5549F56C204BAA2300E76A41 /* ProductSearchDataSource.swift */; };
		5562EE4C20B0A93900569B58 /* Default.framework in Frameworks */ = {isa = PBXBuildFile; fileRef = 5562EE4B20B0A93800569B58 /* Default.framework */; };
		5562EE4E20B0A9E300569B58 /* UserSetting.swift in Sources */ = {isa = PBXBuildFile; fileRef = 5562EE4D20B0A9E300569B58 /* UserSetting.swift */; };
		5562EE5220B0B6C300569B58 /* SettingViewController.swift in Sources */ = {isa = PBXBuildFile; fileRef = 5562EE5120B0B6C300569B58 /* SettingViewController.swift */; };
		5562EE5420B0CD3C00569B58 /* ProductRouter.swift in Sources */ = {isa = PBXBuildFile; fileRef = 5562EE5320B0CD3C00569B58 /* ProductRouter.swift */; };
		556684D320B10C870045C446 /* PeapodSwipeMarketingUITests.swift in Sources */ = {isa = PBXBuildFile; fileRef = 556684D220B10C870045C446 /* PeapodSwipeMarketingUITests.swift */; };
		556684DC20B10CE10045C446 /* SnapshotHelper.swift in Sources */ = {isa = PBXBuildFile; fileRef = 556684DB20B10CE00045C446 /* SnapshotHelper.swift */; };
		556684DE20B115150045C446 /* PeapodService-Info.plist in Resources */ = {isa = PBXBuildFile; fileRef = 556684DD20B115150045C446 /* PeapodService-Info.plist */; };
		558B4D40204C8E3300C2ED47 /* EmptySearchResultView.swift in Sources */ = {isa = PBXBuildFile; fileRef = 558B4D3F204C8E3300C2ED47 /* EmptySearchResultView.swift */; };
		558B4D42204C8E4900C2ED47 /* LoadingStateView.swift in Sources */ = {isa = PBXBuildFile; fileRef = 558B4D41204C8E4900C2ED47 /* LoadingStateView.swift */; };
		558B4D45204CBC9B00C2ED47 /* ProductDetailViewController.swift in Sources */ = {isa = PBXBuildFile; fileRef = 558B4D44204CBC9B00C2ED47 /* ProductDetailViewController.swift */; };
		558B4D47204CDFC200C2ED47 /* ProductExtendedInfo.swift in Sources */ = {isa = PBXBuildFile; fileRef = 558B4D46204CDFC200C2ED47 /* ProductExtendedInfo.swift */; };
		55A328291FCB4D46003A12B0 /* FirebaseNanoPB.framework in Frameworks */ = {isa = PBXBuildFile; fileRef = 55A328221FCB4D45003A12B0 /* FirebaseNanoPB.framework */; };
		55A3282A1FCB4D46003A12B0 /* FirebaseAnalytics.framework in Frameworks */ = {isa = PBXBuildFile; fileRef = 55A328231FCB4D46003A12B0 /* FirebaseAnalytics.framework */; };
		55A3282B1FCB4D46003A12B0 /* GoogleToolboxForMac.framework in Frameworks */ = {isa = PBXBuildFile; fileRef = 55A328241FCB4D46003A12B0 /* GoogleToolboxForMac.framework */; };
		55A3282C1FCB4D46003A12B0 /* FirebaseCore.framework in Frameworks */ = {isa = PBXBuildFile; fileRef = 55A328251FCB4D46003A12B0 /* FirebaseCore.framework */; };
		55A3282D1FCB4D46003A12B0 /* FirebaseInstanceID.framework in Frameworks */ = {isa = PBXBuildFile; fileRef = 55A328261FCB4D46003A12B0 /* FirebaseInstanceID.framework */; };
		55A3282E1FCB4D46003A12B0 /* FirebaseCoreDiagnostics.framework in Frameworks */ = {isa = PBXBuildFile; fileRef = 55A328271FCB4D46003A12B0 /* FirebaseCoreDiagnostics.framework */; };
		55A3282F1FCB4D46003A12B0 /* nanopb.framework in Frameworks */ = {isa = PBXBuildFile; fileRef = 55A328281FCB4D46003A12B0 /* nanopb.framework */; };
		55A328321FCB4D53003A12B0 /* FirebaseAuth.framework in Frameworks */ = {isa = PBXBuildFile; fileRef = 55A328301FCB4D53003A12B0 /* FirebaseAuth.framework */; };
		55A328331FCB4D53003A12B0 /* GTMSessionFetcher.framework in Frameworks */ = {isa = PBXBuildFile; fileRef = 55A328311FCB4D53003A12B0 /* GTMSessionFetcher.framework */; };
		55A328361FCB4D61003A12B0 /* leveldb-library.framework in Frameworks */ = {isa = PBXBuildFile; fileRef = 55A328341FCB4D61003A12B0 /* leveldb-library.framework */; };
		55A328371FCB4D61003A12B0 /* FirebaseDatabase.framework in Frameworks */ = {isa = PBXBuildFile; fileRef = 55A328351FCB4D61003A12B0 /* FirebaseDatabase.framework */; };
		55A328391FCB74A8003A12B0 /* Settings.bundle in Resources */ = {isa = PBXBuildFile; fileRef = 55A328381FCB74A8003A12B0 /* Settings.bundle */; };
		55B0F5EA204902CF00EB2594 /* AlamofireImage.framework in Frameworks */ = {isa = PBXBuildFile; fileRef = 55B0F5E8204902CF00EB2594 /* AlamofireImage.framework */; };
		55B0F5EC204A24F300EB2594 /* Alamofire.framework in Frameworks */ = {isa = PBXBuildFile; fileRef = 55B0F5EB204A24F300EB2594 /* Alamofire.framework */; };
		55B0F5F1204A597200EB2594 /* ProductSearchResponse.swift in Sources */ = {isa = PBXBuildFile; fileRef = 55B0F5F0204A597200EB2594 /* ProductSearchResponse.swift */; };
		55B0F5F3204A658B00EB2594 /* StringExtension.swift in Sources */ = {isa = PBXBuildFile; fileRef = 55B0F5F2204A658B00EB2594 /* StringExtension.swift */; };
		55B0F5F5204A688200EB2594 /* DataRequestExtension.swift in Sources */ = {isa = PBXBuildFile; fileRef = 55B0F5F4204A688200EB2594 /* DataRequestExtension.swift */; };
		55B2580A2050D88A002AD4EE /* ProductRichFlag.swift in Sources */ = {isa = PBXBuildFile; fileRef = 55B258092050D88A002AD4EE /* ProductRichFlag.swift */; };
		55B2580C2050D98F002AD4EE /* ProductFlagCollection.swift in Sources */ = {isa = PBXBuildFile; fileRef = 55B2580B2050D98F002AD4EE /* ProductFlagCollection.swift */; };
		55B8607820744B2900FC6C1E /* RxSwift.framework in Frameworks */ = {isa = PBXBuildFile; fileRef = 55B8607720744B2800FC6C1E /* RxSwift.framework */; };
		55B8607A20744B3200FC6C1E /* RxCocoa.framework in Frameworks */ = {isa = PBXBuildFile; fileRef = 55B8607920744B3200FC6C1E /* RxCocoa.framework */; };
		55B8607C20744B3900FC6C1E /* RxBlocking.framework in Frameworks */ = {isa = PBXBuildFile; fileRef = 55B8607B20744B3900FC6C1E /* RxBlocking.framework */; };
		55D49C5320522D2D00F7D383 /* ProductFlagLabel.swift in Sources */ = {isa = PBXBuildFile; fileRef = 55D49C5220522D2D00F7D383 /* ProductFlagLabel.swift */; };
		55D49C5520522DB700F7D383 /* ProductInformationScrollView.swift in Sources */ = {isa = PBXBuildFile; fileRef = 55D49C5420522DB700F7D383 /* ProductInformationScrollView.swift */; };
		55E8655620917234003CA005 /* UserRouter.swift in Sources */ = {isa = PBXBuildFile; fileRef = 55E8655520917234003CA005 /* UserRouter.swift */; };
		A99BBCCC1EF89B4D00ACBF7B /* Product.swift in Sources */ = {isa = PBXBuildFile; fileRef = A99BBCCB1EF89B4D00ACBF7B /* Product.swift */; };
		A9ADFB931EEF5D770044D45B /* AppDelegate.swift in Sources */ = {isa = PBXBuildFile; fileRef = A9ADFB921EEF5D770044D45B /* AppDelegate.swift */; };
		A9ADFB951EEF5D770044D45B /* CardViewController.swift in Sources */ = {isa = PBXBuildFile; fileRef = A9ADFB941EEF5D770044D45B /* CardViewController.swift */; };
		A9ADFB981EEF5D770044D45B /* Main.storyboard in Resources */ = {isa = PBXBuildFile; fileRef = A9ADFB961EEF5D770044D45B /* Main.storyboard */; };
		A9ADFB9A1EEF5D770044D45B /* Assets.xcassets in Resources */ = {isa = PBXBuildFile; fileRef = A9ADFB991EEF5D770044D45B /* Assets.xcassets */; };
		A9ADFB9D1EEF5D770044D45B /* LaunchScreen.storyboard in Resources */ = {isa = PBXBuildFile; fileRef = A9ADFB9B1EEF5D770044D45B /* LaunchScreen.storyboard */; };
		A9ADFBB31EEF5D780044D45B /* PeapodSwipeUITests.swift in Sources */ = {isa = PBXBuildFile; fileRef = A9ADFBB21EEF5D780044D45B /* PeapodSwipeUITests.swift */; };
		A9ADFBC11EEF69B20044D45B /* CardView.swift in Sources */ = {isa = PBXBuildFile; fileRef = A9ADFBC01EEF69B20044D45B /* CardView.swift */; };
		A9ADFBC31EEF69CB0044D45B /* ImageCard.swift in Sources */ = {isa = PBXBuildFile; fileRef = A9ADFBC21EEF69CB0044D45B /* ImageCard.swift */; };
		A9B92CCF1F393A8D00274428 /* ProductImage.swift in Sources */ = {isa = PBXBuildFile; fileRef = A9B92CCE1F393A8D00274428 /* ProductImage.swift */; };
/* End PBXBuildFile section */

/* Begin PBXContainerItemProxy section */
		556684D520B10C870045C446 /* PBXContainerItemProxy */ = {
			isa = PBXContainerItemProxy;
			containerPortal = A9ADFB871EEF5D770044D45B /* Project object */;
			proxyType = 1;
			remoteGlobalIDString = A9ADFB8E1EEF5D770044D45B;
			remoteInfo = PeapodSwipe;
		};
		A9ADFBA41EEF5D780044D45B /* PBXContainerItemProxy */ = {
			isa = PBXContainerItemProxy;
			containerPortal = A9ADFB871EEF5D770044D45B /* Project object */;
			proxyType = 1;
			remoteGlobalIDString = A9ADFB8E1EEF5D770044D45B;
			remoteInfo = "Peapod Swipe";
		};
		A9ADFBAF1EEF5D780044D45B /* PBXContainerItemProxy */ = {
			isa = PBXContainerItemProxy;
			containerPortal = A9ADFB871EEF5D770044D45B /* Project object */;
			proxyType = 1;
			remoteGlobalIDString = A9ADFB8E1EEF5D770044D45B;
			remoteInfo = "Peapod Swipe";
		};
/* End PBXContainerItemProxy section */

/* Begin PBXFileReference section */
		552898F31FCA124400A3195A /* UIColorExtension.swift */ = {isa = PBXFileReference; lastKnownFileType = sourcecode.swift; path = UIColorExtension.swift; sourceTree = "<group>"; };
		552898F51FCA177200A3195A /* CardViewLabel.swift */ = {isa = PBXFileReference; lastKnownFileType = sourcecode.swift; path = CardViewLabel.swift; sourceTree = "<group>"; };
		552898F71FCA244500A3195A /* AuthViewController.swift */ = {isa = PBXFileReference; lastKnownFileType = sourcecode.swift; path = AuthViewController.swift; sourceTree = "<group>"; };
		552898F91FCA291000A3195A /* SnapKit.framework */ = {isa = PBXFileReference; lastKnownFileType = wrapper.framework; name = SnapKit.framework; path = Carthage/Build/iOS/SnapKit.framework; sourceTree = "<group>"; };
		552898FB1FCA332900A3195A /* GoogleService-Info.plist */ = {isa = PBXFileReference; fileEncoding = 4; lastKnownFileType = text.plist.xml; path = "GoogleService-Info.plist"; sourceTree = "<group>"; };
		5530DF49204B14890066DF67 /* UIButtonExtension.swift */ = {isa = PBXFileReference; lastKnownFileType = sourcecode.swift; path = UIButtonExtension.swift; sourceTree = "<group>"; };
		5530DF4D204B24A40066DF67 /* SearchRouter.swift */ = {isa = PBXFileReference; lastKnownFileType = sourcecode.swift; path = SearchRouter.swift; sourceTree = "<group>"; };
		5535B5C2205D7B3B00D6A5DB /* UIViewControllerExtension.swift */ = {isa = PBXFileReference; lastKnownFileType = sourcecode.swift; path = UIViewControllerExtension.swift; sourceTree = "<group>"; };
		5535B5C42061DDC500D6A5DB /* ProductNutrition.swift */ = {isa = PBXFileReference; lastKnownFileType = sourcecode.swift; path = ProductNutrition.swift; sourceTree = "<group>"; };
		5535B5C62061E94D00D6A5DB /* ProductNutritionLabel.swift */ = {isa = PBXFileReference; lastKnownFileType = sourcecode.swift; path = ProductNutritionLabel.swift; sourceTree = "<group>"; };
		5549F55B204B430500E76A41 /* ProductVote.swift */ = {isa = PBXFileReference; lastKnownFileType = sourcecode.swift; path = ProductVote.swift; sourceTree = "<group>"; };
		5549F55D204B440700E76A41 /* RecommendedProductsResponse.swift */ = {isa = PBXFileReference; lastKnownFileType = sourcecode.swift; path = RecommendedProductsResponse.swift; sourceTree = "<group>"; };
		5549F55F204B44A800E76A41 /* RecommendationRouter.swift */ = {isa = PBXFileReference; lastKnownFileType = sourcecode.swift; path = RecommendationRouter.swift; sourceTree = "<group>"; };
		5549F568204B9F9300E76A41 /* SearchViewController.swift */ = {isa = PBXFileReference; lastKnownFileType = sourcecode.swift; path = SearchViewController.swift; sourceTree = "<group>"; };
		5549F56C204BAA2300E76A41 /* ProductSearchDataSource.swift */ = {isa = PBXFileReference; lastKnownFileType = sourcecode.swift; path = ProductSearchDataSource.swift; sourceTree = "<group>"; };
		5562EE4B20B0A93800569B58 /* Default.framework */ = {isa = PBXFileReference; lastKnownFileType = wrapper.framework; name = Default.framework; path = Carthage/Build/iOS/Default.framework; sourceTree = "<group>"; };
		5562EE4D20B0A9E300569B58 /* UserSetting.swift */ = {isa = PBXFileReference; lastKnownFileType = sourcecode.swift; path = UserSetting.swift; sourceTree = "<group>"; };
		5562EE5120B0B6C300569B58 /* SettingViewController.swift */ = {isa = PBXFileReference; lastKnownFileType = sourcecode.swift; path = SettingViewController.swift; sourceTree = "<group>"; };
		5562EE5320B0CD3C00569B58 /* ProductRouter.swift */ = {isa = PBXFileReference; fileEncoding = 4; lastKnownFileType = sourcecode.swift; path = ProductRouter.swift; sourceTree = "<group>"; };
		556684D020B10C870045C446 /* PeapodSwipeMarketingUITests.xctest */ = {isa = PBXFileReference; explicitFileType = wrapper.cfbundle; includeInIndex = 0; path = PeapodSwipeMarketingUITests.xctest; sourceTree = BUILT_PRODUCTS_DIR; };
		556684D220B10C870045C446 /* PeapodSwipeMarketingUITests.swift */ = {isa = PBXFileReference; lastKnownFileType = sourcecode.swift; path = PeapodSwipeMarketingUITests.swift; sourceTree = "<group>"; };
		556684D420B10C870045C446 /* Info.plist */ = {isa = PBXFileReference; lastKnownFileType = text.plist.xml; path = Info.plist; sourceTree = "<group>"; };
		556684DB20B10CE00045C446 /* SnapshotHelper.swift */ = {isa = PBXFileReference; fileEncoding = 4; lastKnownFileType = sourcecode.swift; name = SnapshotHelper.swift; path = fastlane/SnapshotHelper.swift; sourceTree = SOURCE_ROOT; };
		556684DD20B115150045C446 /* PeapodService-Info.plist */ = {isa = PBXFileReference; lastKnownFileType = text.plist.xml; path = "PeapodService-Info.plist"; sourceTree = "<group>"; };
		558B4D3F204C8E3300C2ED47 /* EmptySearchResultView.swift */ = {isa = PBXFileReference; lastKnownFileType = sourcecode.swift; path = EmptySearchResultView.swift; sourceTree = "<group>"; };
		558B4D41204C8E4900C2ED47 /* LoadingStateView.swift */ = {isa = PBXFileReference; lastKnownFileType = sourcecode.swift; path = LoadingStateView.swift; sourceTree = "<group>"; };
		558B4D44204CBC9B00C2ED47 /* ProductDetailViewController.swift */ = {isa = PBXFileReference; lastKnownFileType = sourcecode.swift; path = ProductDetailViewController.swift; sourceTree = "<group>"; };
		558B4D46204CDFC200C2ED47 /* ProductExtendedInfo.swift */ = {isa = PBXFileReference; lastKnownFileType = sourcecode.swift; path = ProductExtendedInfo.swift; sourceTree = "<group>"; };
		55A328201FCB468B003A12B0 /* module.modulemap */ = {isa = PBXFileReference; lastKnownFileType = "sourcecode.module-map"; name = module.modulemap; path = ThirdParty/Firebase/module.modulemap; sourceTree = SOURCE_ROOT; };
		55A328211FCB469D003A12B0 /* Firebase.h */ = {isa = PBXFileReference; lastKnownFileType = sourcecode.c.h; name = Firebase.h; path = ThirdParty/Firebase/Firebase.h; sourceTree = SOURCE_ROOT; };
		55A328221FCB4D45003A12B0 /* FirebaseNanoPB.framework */ = {isa = PBXFileReference; lastKnownFileType = wrapper.framework; name = FirebaseNanoPB.framework; path = ThirdParty/Firebase/Analytics/FirebaseNanoPB.framework; sourceTree = "<group>"; };
		55A328231FCB4D46003A12B0 /* FirebaseAnalytics.framework */ = {isa = PBXFileReference; lastKnownFileType = wrapper.framework; name = FirebaseAnalytics.framework; path = ThirdParty/Firebase/Analytics/FirebaseAnalytics.framework; sourceTree = "<group>"; };
		55A328241FCB4D46003A12B0 /* GoogleToolboxForMac.framework */ = {isa = PBXFileReference; lastKnownFileType = wrapper.framework; name = GoogleToolboxForMac.framework; path = ThirdParty/Firebase/Analytics/GoogleToolboxForMac.framework; sourceTree = "<group>"; };
		55A328251FCB4D46003A12B0 /* FirebaseCore.framework */ = {isa = PBXFileReference; lastKnownFileType = wrapper.framework; name = FirebaseCore.framework; path = ThirdParty/Firebase/Analytics/FirebaseCore.framework; sourceTree = "<group>"; };
		55A328261FCB4D46003A12B0 /* FirebaseInstanceID.framework */ = {isa = PBXFileReference; lastKnownFileType = wrapper.framework; name = FirebaseInstanceID.framework; path = ThirdParty/Firebase/Analytics/FirebaseInstanceID.framework; sourceTree = "<group>"; };
		55A328271FCB4D46003A12B0 /* FirebaseCoreDiagnostics.framework */ = {isa = PBXFileReference; lastKnownFileType = wrapper.framework; name = FirebaseCoreDiagnostics.framework; path = ThirdParty/Firebase/Analytics/FirebaseCoreDiagnostics.framework; sourceTree = "<group>"; };
		55A328281FCB4D46003A12B0 /* nanopb.framework */ = {isa = PBXFileReference; lastKnownFileType = wrapper.framework; name = nanopb.framework; path = ThirdParty/Firebase/Analytics/nanopb.framework; sourceTree = "<group>"; };
		55A328301FCB4D53003A12B0 /* FirebaseAuth.framework */ = {isa = PBXFileReference; lastKnownFileType = wrapper.framework; name = FirebaseAuth.framework; path = ThirdParty/Firebase/Auth/FirebaseAuth.framework; sourceTree = "<group>"; };
		55A328311FCB4D53003A12B0 /* GTMSessionFetcher.framework */ = {isa = PBXFileReference; lastKnownFileType = wrapper.framework; name = GTMSessionFetcher.framework; path = ThirdParty/Firebase/Auth/GTMSessionFetcher.framework; sourceTree = "<group>"; };
		55A328341FCB4D61003A12B0 /* leveldb-library.framework */ = {isa = PBXFileReference; lastKnownFileType = wrapper.framework; name = "leveldb-library.framework"; path = "ThirdParty/Firebase/Database/leveldb-library.framework"; sourceTree = "<group>"; };
		55A328351FCB4D61003A12B0 /* FirebaseDatabase.framework */ = {isa = PBXFileReference; lastKnownFileType = wrapper.framework; name = FirebaseDatabase.framework; path = ThirdParty/Firebase/Database/FirebaseDatabase.framework; sourceTree = "<group>"; };
		55A328381FCB74A8003A12B0 /* Settings.bundle */ = {isa = PBXFileReference; lastKnownFileType = "wrapper.plug-in"; path = Settings.bundle; sourceTree = "<group>"; };
		55B0F5E8204902CF00EB2594 /* AlamofireImage.framework */ = {isa = PBXFileReference; lastKnownFileType = wrapper.framework; name = AlamofireImage.framework; path = Carthage/Build/iOS/AlamofireImage.framework; sourceTree = "<group>"; };
		55B0F5EB204A24F300EB2594 /* Alamofire.framework */ = {isa = PBXFileReference; lastKnownFileType = wrapper.framework; name = Alamofire.framework; path = Carthage/Build/iOS/Alamofire.framework; sourceTree = "<group>"; };
		55B0F5F0204A597200EB2594 /* ProductSearchResponse.swift */ = {isa = PBXFileReference; lastKnownFileType = sourcecode.swift; path = ProductSearchResponse.swift; sourceTree = "<group>"; };
		55B0F5F2204A658B00EB2594 /* StringExtension.swift */ = {isa = PBXFileReference; lastKnownFileType = sourcecode.swift; path = StringExtension.swift; sourceTree = "<group>"; };
		55B0F5F4204A688200EB2594 /* DataRequestExtension.swift */ = {isa = PBXFileReference; lastKnownFileType = sourcecode.swift; path = DataRequestExtension.swift; sourceTree = "<group>"; };
		55B258082050D537002AD4EE /* Peapod Swipe.entitlements */ = {isa = PBXFileReference; lastKnownFileType = text.plist.entitlements; path = "Peapod Swipe.entitlements"; sourceTree = "<group>"; };
		55B258092050D88A002AD4EE /* ProductRichFlag.swift */ = {isa = PBXFileReference; lastKnownFileType = sourcecode.swift; path = ProductRichFlag.swift; sourceTree = "<group>"; };
		55B2580B2050D98F002AD4EE /* ProductFlagCollection.swift */ = {isa = PBXFileReference; lastKnownFileType = sourcecode.swift; path = ProductFlagCollection.swift; sourceTree = "<group>"; };
		55B8607720744B2800FC6C1E /* RxSwift.framework */ = {isa = PBXFileReference; lastKnownFileType = wrapper.framework; name = RxSwift.framework; path = Carthage/Build/iOS/RxSwift.framework; sourceTree = "<group>"; };
		55B8607920744B3200FC6C1E /* RxCocoa.framework */ = {isa = PBXFileReference; lastKnownFileType = wrapper.framework; name = RxCocoa.framework; path = Carthage/Build/iOS/RxCocoa.framework; sourceTree = "<group>"; };
		55B8607B20744B3900FC6C1E /* RxBlocking.framework */ = {isa = PBXFileReference; lastKnownFileType = wrapper.framework; name = RxBlocking.framework; path = Carthage/Build/iOS/RxBlocking.framework; sourceTree = "<group>"; };
		55D49C5220522D2D00F7D383 /* ProductFlagLabel.swift */ = {isa = PBXFileReference; lastKnownFileType = sourcecode.swift; path = ProductFlagLabel.swift; sourceTree = "<group>"; };
		55D49C5420522DB700F7D383 /* ProductInformationScrollView.swift */ = {isa = PBXFileReference; lastKnownFileType = sourcecode.swift; path = ProductInformationScrollView.swift; sourceTree = "<group>"; };
		55E8655520917234003CA005 /* UserRouter.swift */ = {isa = PBXFileReference; lastKnownFileType = sourcecode.swift; path = UserRouter.swift; sourceTree = "<group>"; };
		A99BBCCB1EF89B4D00ACBF7B /* Product.swift */ = {isa = PBXFileReference; fileEncoding = 4; lastKnownFileType = sourcecode.swift; path = Product.swift; sourceTree = "<group>"; };
		A9ADFB8F1EEF5D770044D45B /* Peapod Swipe.app */ = {isa = PBXFileReference; explicitFileType = wrapper.application; includeInIndex = 0; path = "Peapod Swipe.app"; sourceTree = BUILT_PRODUCTS_DIR; };
		A9ADFB921EEF5D770044D45B /* AppDelegate.swift */ = {isa = PBXFileReference; lastKnownFileType = sourcecode.swift; path = AppDelegate.swift; sourceTree = "<group>"; };
		A9ADFB941EEF5D770044D45B /* CardViewController.swift */ = {isa = PBXFileReference; lastKnownFileType = sourcecode.swift; path = CardViewController.swift; sourceTree = "<group>"; };
		A9ADFB971EEF5D770044D45B /* Base */ = {isa = PBXFileReference; lastKnownFileType = file.storyboard; name = Base; path = Base.lproj/Main.storyboard; sourceTree = "<group>"; };
		A9ADFB991EEF5D770044D45B /* Assets.xcassets */ = {isa = PBXFileReference; lastKnownFileType = folder.assetcatalog; path = Assets.xcassets; sourceTree = "<group>"; };
		A9ADFB9C1EEF5D770044D45B /* Base */ = {isa = PBXFileReference; lastKnownFileType = file.storyboard; name = Base; path = Base.lproj/LaunchScreen.storyboard; sourceTree = "<group>"; };
		A9ADFB9E1EEF5D770044D45B /* Info.plist */ = {isa = PBXFileReference; lastKnownFileType = text.plist.xml; path = Info.plist; sourceTree = "<group>"; };
		A9ADFBA31EEF5D780044D45B /* PeapodSwipeTests.xctest */ = {isa = PBXFileReference; explicitFileType = wrapper.cfbundle; includeInIndex = 0; path = PeapodSwipeTests.xctest; sourceTree = BUILT_PRODUCTS_DIR; };
		A9ADFBA91EEF5D780044D45B /* Info.plist */ = {isa = PBXFileReference; lastKnownFileType = text.plist.xml; path = Info.plist; sourceTree = "<group>"; };
		A9ADFBAE1EEF5D780044D45B /* PeapodSwipeUITests.xctest */ = {isa = PBXFileReference; explicitFileType = wrapper.cfbundle; includeInIndex = 0; path = PeapodSwipeUITests.xctest; sourceTree = BUILT_PRODUCTS_DIR; };
		A9ADFBB21EEF5D780044D45B /* PeapodSwipeUITests.swift */ = {isa = PBXFileReference; lastKnownFileType = sourcecode.swift; path = PeapodSwipeUITests.swift; sourceTree = "<group>"; };
		A9ADFBB41EEF5D780044D45B /* Info.plist */ = {isa = PBXFileReference; lastKnownFileType = text.plist.xml; path = Info.plist; sourceTree = "<group>"; };
		A9ADFBC01EEF69B20044D45B /* CardView.swift */ = {isa = PBXFileReference; fileEncoding = 4; lastKnownFileType = sourcecode.swift; path = CardView.swift; sourceTree = "<group>"; };
		A9ADFBC21EEF69CB0044D45B /* ImageCard.swift */ = {isa = PBXFileReference; fileEncoding = 4; lastKnownFileType = sourcecode.swift; path = ImageCard.swift; sourceTree = "<group>"; };
		A9B92CCE1F393A8D00274428 /* ProductImage.swift */ = {isa = PBXFileReference; fileEncoding = 4; lastKnownFileType = sourcecode.swift; path = ProductImage.swift; sourceTree = "<group>"; };
/* End PBXFileReference section */

/* Begin PBXFrameworksBuildPhase section */
		556684CD20B10C870045C446 /* Frameworks */ = {
			isa = PBXFrameworksBuildPhase;
			buildActionMask = 2147483647;
			files = (
			);
			runOnlyForDeploymentPostprocessing = 0;
		};
		A9ADFB8C1EEF5D770044D45B /* Frameworks */ = {
			isa = PBXFrameworksBuildPhase;
			buildActionMask = 2147483647;
			files = (
				55B8607C20744B3900FC6C1E /* RxBlocking.framework in Frameworks */,
				55A328371FCB4D61003A12B0 /* FirebaseDatabase.framework in Frameworks */,
				552898FA1FCA291000A3195A /* SnapKit.framework in Frameworks */,
				55A3282F1FCB4D46003A12B0 /* nanopb.framework in Frameworks */,
				5562EE4C20B0A93900569B58 /* Default.framework in Frameworks */,
				55A328331FCB4D53003A12B0 /* GTMSessionFetcher.framework in Frameworks */,
				55A3282D1FCB4D46003A12B0 /* FirebaseInstanceID.framework in Frameworks */,
				55B8607820744B2900FC6C1E /* RxSwift.framework in Frameworks */,
				55B0F5EA204902CF00EB2594 /* AlamofireImage.framework in Frameworks */,
				55A3282B1FCB4D46003A12B0 /* GoogleToolboxForMac.framework in Frameworks */,
				55A328321FCB4D53003A12B0 /* FirebaseAuth.framework in Frameworks */,
				55A3282C1FCB4D46003A12B0 /* FirebaseCore.framework in Frameworks */,
				55A3282E1FCB4D46003A12B0 /* FirebaseCoreDiagnostics.framework in Frameworks */,
				55A328291FCB4D46003A12B0 /* FirebaseNanoPB.framework in Frameworks */,
				55B8607A20744B3200FC6C1E /* RxCocoa.framework in Frameworks */,
				55A328361FCB4D61003A12B0 /* leveldb-library.framework in Frameworks */,
				55B0F5EC204A24F300EB2594 /* Alamofire.framework in Frameworks */,
				55A3282A1FCB4D46003A12B0 /* FirebaseAnalytics.framework in Frameworks */,
			);
			runOnlyForDeploymentPostprocessing = 0;
		};
		A9ADFBA01EEF5D780044D45B /* Frameworks */ = {
			isa = PBXFrameworksBuildPhase;
			buildActionMask = 2147483647;
			files = (
			);
			runOnlyForDeploymentPostprocessing = 0;
		};
		A9ADFBAB1EEF5D780044D45B /* Frameworks */ = {
			isa = PBXFrameworksBuildPhase;
			buildActionMask = 2147483647;
			files = (
			);
			runOnlyForDeploymentPostprocessing = 0;
		};
/* End PBXFrameworksBuildPhase section */

/* Begin PBXGroup section */
		552898F21FCA121300A3195A /* Extensions */ = {
			isa = PBXGroup;
			children = (
				552898F31FCA124400A3195A /* UIColorExtension.swift */,
				55B0F5F2204A658B00EB2594 /* StringExtension.swift */,
				55B0F5F4204A688200EB2594 /* DataRequestExtension.swift */,
				5530DF49204B14890066DF67 /* UIButtonExtension.swift */,
				5535B5C2205D7B3B00D6A5DB /* UIViewControllerExtension.swift */,
			);
			name = Extensions;
			sourceTree = "<group>";
		};
		552898FF1FCA3DB500A3195A /* UserTour */ = {
			isa = PBXGroup;
			children = (
			);
			name = UserTour;
			sourceTree = "<group>";
		};
		5541D90220588BAB003C3D4E /* SharedView */ = {
			isa = PBXGroup;
			children = (
				558B4D41204C8E4900C2ED47 /* LoadingStateView.swift */,
			);
			name = SharedView;
			sourceTree = "<group>";
		};
		5549F567204B9F3C00E76A41 /* Search */ = {
			isa = PBXGroup;
			children = (
				5549F568204B9F9300E76A41 /* SearchViewController.swift */,
				5549F56C204BAA2300E76A41 /* ProductSearchDataSource.swift */,
				558B4D3F204C8E3300C2ED47 /* EmptySearchResultView.swift */,
			);
			name = Search;
			sourceTree = "<group>";
		};
		55629FB3204F998C00055B65 /* Setting */ = {
			isa = PBXGroup;
			children = (
				5562EE4D20B0A9E300569B58 /* UserSetting.swift */,
				5562EE5120B0B6C300569B58 /* SettingViewController.swift */,
			);
			name = Setting;
			sourceTree = "<group>";
		};
		556684D120B10C870045C446 /* PeapodSwipeMarketingUITests */ = {
			isa = PBXGroup;
			children = (
				556684DB20B10CE00045C446 /* SnapshotHelper.swift */,
				556684D220B10C870045C446 /* PeapodSwipeMarketingUITests.swift */,
				556684D420B10C870045C446 /* Info.plist */,
			);
			path = PeapodSwipeMarketingUITests;
			sourceTree = "<group>";
		};
		558B4D43204CBC8200C2ED47 /* ProductDetail */ = {
			isa = PBXGroup;
			children = (
				558B4D44204CBC9B00C2ED47 /* ProductDetailViewController.swift */,
				55D49C5220522D2D00F7D383 /* ProductFlagLabel.swift */,
				55D49C5420522DB700F7D383 /* ProductInformationScrollView.swift */,
				5535B5C62061E94D00D6A5DB /* ProductNutritionLabel.swift */,
			);
			name = ProductDetail;
			sourceTree = "<group>";
		};
		55B0F5ED204A494C00EB2594 /* API */ = {
			isa = PBXGroup;
			children = (
				5562EE5320B0CD3C00569B58 /* ProductRouter.swift */,
				5530DF4D204B24A40066DF67 /* SearchRouter.swift */,
				5549F55F204B44A800E76A41 /* RecommendationRouter.swift */,
				55E8655520917234003CA005 /* UserRouter.swift */,
			);
			name = API;
			sourceTree = "<group>";
		};
		A99BBCCA1EF89AC000ACBF7B /* Model */ = {
			isa = PBXGroup;
			children = (
				A99BBCCB1EF89B4D00ACBF7B /* Product.swift */,
				A9B92CCE1F393A8D00274428 /* ProductImage.swift */,
				55B0F5F0204A597200EB2594 /* ProductSearchResponse.swift */,
				5549F55B204B430500E76A41 /* ProductVote.swift */,
				5549F55D204B440700E76A41 /* RecommendedProductsResponse.swift */,
				558B4D46204CDFC200C2ED47 /* ProductExtendedInfo.swift */,
				55B258092050D88A002AD4EE /* ProductRichFlag.swift */,
				55B2580B2050D98F002AD4EE /* ProductFlagCollection.swift */,
				5535B5C42061DDC500D6A5DB /* ProductNutrition.swift */,
			);
			name = Model;
			sourceTree = "<group>";
		};
		A9ADFB861EEF5D770044D45B = {
			isa = PBXGroup;
			children = (
				A9ADFB911EEF5D770044D45B /* PeapodSwipe */,
				A9ADFBA61EEF5D780044D45B /* PeapodSwipeTests */,
				A9ADFBB11EEF5D780044D45B /* PeapodSwipeUITests */,
				556684D120B10C870045C446 /* PeapodSwipeMarketingUITests */,
				A9ADFB901EEF5D770044D45B /* Products */,
				A9B92CD01F39419C00274428 /* Frameworks */,
			);
			sourceTree = "<group>";
		};
		A9ADFB901EEF5D770044D45B /* Products */ = {
			isa = PBXGroup;
			children = (
				A9ADFB8F1EEF5D770044D45B /* Peapod Swipe.app */,
				A9ADFBA31EEF5D780044D45B /* PeapodSwipeTests.xctest */,
				A9ADFBAE1EEF5D780044D45B /* PeapodSwipeUITests.xctest */,
				556684D020B10C870045C446 /* PeapodSwipeMarketingUITests.xctest */,
			);
			name = Products;
			sourceTree = "<group>";
		};
		A9ADFB911EEF5D770044D45B /* PeapodSwipe */ = {
			isa = PBXGroup;
			children = (
				552898F21FCA121300A3195A /* Extensions */,
				5541D90220588BAB003C3D4E /* SharedView */,
				A99BBCCA1EF89AC000ACBF7B /* Model */,
				55B0F5ED204A494C00EB2594 /* API */,
				55629FB3204F998C00055B65 /* Setting */,
				558B4D43204CBC8200C2ED47 /* ProductDetail */,
				5549F567204B9F3C00E76A41 /* Search */,
				552898FF1FCA3DB500A3195A /* UserTour */,
				A9ADFBC51EEF6ADE0044D45B /* Login */,
				A9ADFBC41EEF6ACF0044D45B /* ProductCards */,
				A9ADFB921EEF5D770044D45B /* AppDelegate.swift */,
				55B258082050D537002AD4EE /* Peapod Swipe.entitlements */,
				A9ADFB9E1EEF5D770044D45B /* Info.plist */,
				552898FB1FCA332900A3195A /* GoogleService-Info.plist */,
				A9ADFB961EEF5D770044D45B /* Main.storyboard */,
				556684DD20B115150045C446 /* PeapodService-Info.plist */,
				A9ADFB991EEF5D770044D45B /* Assets.xcassets */,
				A9ADFB9B1EEF5D770044D45B /* LaunchScreen.storyboard */,
				55A328381FCB74A8003A12B0 /* Settings.bundle */,
				55A328211FCB469D003A12B0 /* Firebase.h */,
				55A328201FCB468B003A12B0 /* module.modulemap */,
			);
			path = PeapodSwipe;
			sourceTree = "<group>";
		};
		A9ADFBA61EEF5D780044D45B /* PeapodSwipeTests */ = {
			isa = PBXGroup;
			children = (
				A9ADFBA91EEF5D780044D45B /* Info.plist */,
			);
			path = PeapodSwipeTests;
			sourceTree = "<group>";
		};
		A9ADFBB11EEF5D780044D45B /* PeapodSwipeUITests */ = {
			isa = PBXGroup;
			children = (
				A9ADFBB21EEF5D780044D45B /* PeapodSwipeUITests.swift */,
				A9ADFBB41EEF5D780044D45B /* Info.plist */,
			);
			path = PeapodSwipeUITests;
			sourceTree = "<group>";
		};
		A9ADFBC41EEF6ACF0044D45B /* ProductCards */ = {
			isa = PBXGroup;
			children = (
				A9ADFBC21EEF69CB0044D45B /* ImageCard.swift */,
				A9ADFBC01EEF69B20044D45B /* CardView.swift */,
				552898F51FCA177200A3195A /* CardViewLabel.swift */,
				A9ADFB941EEF5D770044D45B /* CardViewController.swift */,
			);
			name = ProductCards;
			sourceTree = "<group>";
		};
		A9ADFBC51EEF6ADE0044D45B /* Login */ = {
			isa = PBXGroup;
			children = (
				552898F71FCA244500A3195A /* AuthViewController.swift */,
			);
			name = Login;
			sourceTree = "<group>";
		};
		A9B92CD01F39419C00274428 /* Frameworks */ = {
			isa = PBXGroup;
			children = (
				5562EE4B20B0A93800569B58 /* Default.framework */,
				55B8607B20744B3900FC6C1E /* RxBlocking.framework */,
				55B8607920744B3200FC6C1E /* RxCocoa.framework */,
				55B8607720744B2800FC6C1E /* RxSwift.framework */,
				55B0F5EB204A24F300EB2594 /* Alamofire.framework */,
				55B0F5E8204902CF00EB2594 /* AlamofireImage.framework */,
				55A328351FCB4D61003A12B0 /* FirebaseDatabase.framework */,
				55A328341FCB4D61003A12B0 /* leveldb-library.framework */,
				55A328301FCB4D53003A12B0 /* FirebaseAuth.framework */,
				55A328311FCB4D53003A12B0 /* GTMSessionFetcher.framework */,
				55A328231FCB4D46003A12B0 /* FirebaseAnalytics.framework */,
				55A328251FCB4D46003A12B0 /* FirebaseCore.framework */,
				55A328271FCB4D46003A12B0 /* FirebaseCoreDiagnostics.framework */,
				55A328261FCB4D46003A12B0 /* FirebaseInstanceID.framework */,
				55A328221FCB4D45003A12B0 /* FirebaseNanoPB.framework */,
				55A328241FCB4D46003A12B0 /* GoogleToolboxForMac.framework */,
				55A328281FCB4D46003A12B0 /* nanopb.framework */,
				552898F91FCA291000A3195A /* SnapKit.framework */,
			);
			name = Frameworks;
			sourceTree = "<group>";
		};
/* End PBXGroup section */

/* Begin PBXNativeTarget section */
		556684CF20B10C870045C446 /* PeapodSwipeMarketingUITests */ = {
			isa = PBXNativeTarget;
			buildConfigurationList = 556684DA20B10C870045C446 /* Build configuration list for PBXNativeTarget "PeapodSwipeMarketingUITests" */;
			buildPhases = (
				556684CC20B10C870045C446 /* Sources */,
				556684CD20B10C870045C446 /* Frameworks */,
				556684CE20B10C870045C446 /* Resources */,
			);
			buildRules = (
			);
			dependencies = (
				556684D620B10C870045C446 /* PBXTargetDependency */,
			);
			name = PeapodSwipeMarketingUITests;
			productName = PeapodSwipeMarketingUITests;
			productReference = 556684D020B10C870045C446 /* PeapodSwipeMarketingUITests.xctest */;
			productType = "com.apple.product-type.bundle.ui-testing";
		};
		A9ADFB8E1EEF5D770044D45B /* PeapodSwipe */ = {
			isa = PBXNativeTarget;
			buildConfigurationList = A9ADFBB71EEF5D780044D45B /* Build configuration list for PBXNativeTarget "PeapodSwipe" */;
			buildPhases = (
				A9ADFB8B1EEF5D770044D45B /* Sources */,
				A9ADFB8C1EEF5D770044D45B /* Frameworks */,
				A9ADFB8D1EEF5D770044D45B /* Resources */,
				A9B92CD51F39427700274428 /* Run Script */,
				5541D9012057525D003C3D4E /* Run Lint Script */,
			);
			buildRules = (
			);
			dependencies = (
			);
			name = PeapodSwipe;
			productName = "Peapod Swipe";
			productReference = A9ADFB8F1EEF5D770044D45B /* Peapod Swipe.app */;
			productType = "com.apple.product-type.application";
		};
		A9ADFBA21EEF5D780044D45B /* PeapodSwipeTests */ = {
			isa = PBXNativeTarget;
			buildConfigurationList = A9ADFBBA1EEF5D780044D45B /* Build configuration list for PBXNativeTarget "PeapodSwipeTests" */;
			buildPhases = (
				A9ADFB9F1EEF5D780044D45B /* Sources */,
				A9ADFBA01EEF5D780044D45B /* Frameworks */,
				A9ADFBA11EEF5D780044D45B /* Resources */,
			);
			buildRules = (
			);
			dependencies = (
				A9ADFBA51EEF5D780044D45B /* PBXTargetDependency */,
			);
			name = PeapodSwipeTests;
			productName = pPeapodSwipeTests;
			productReference = A9ADFBA31EEF5D780044D45B /* PeapodSwipeTests.xctest */;
			productType = "com.apple.product-type.bundle.unit-test";
		};
		A9ADFBAD1EEF5D780044D45B /* PeapodSwipeUITests */ = {
			isa = PBXNativeTarget;
			buildConfigurationList = A9ADFBBD1EEF5D780044D45B /* Build configuration list for PBXNativeTarget "PeapodSwipeUITests" */;
			buildPhases = (
				A9ADFBAA1EEF5D780044D45B /* Sources */,
				A9ADFBAB1EEF5D780044D45B /* Frameworks */,
				A9ADFBAC1EEF5D780044D45B /* Resources */,
			);
			buildRules = (
			);
			dependencies = (
				A9ADFBB01EEF5D780044D45B /* PBXTargetDependency */,
			);
			name = PeapodSwipeUITests;
			productName = PeapodSwipeUITests;
			productReference = A9ADFBAE1EEF5D780044D45B /* PeapodSwipeUITests.xctest */;
			productType = "com.apple.product-type.bundle.ui-testing";
		};
/* End PBXNativeTarget section */

/* Begin PBXProject section */
		A9ADFB871EEF5D770044D45B /* Project object */ = {
			isa = PBXProject;
			attributes = {
				LastSwiftUpdateCheck = 0930;
				LastUpgradeCheck = 0930;
				ORGANIZATIONNAME = "Xinjiang Shao";
				TargetAttributes = {
					556684CF20B10C870045C446 = {
						CreatedOnToolsVersion = 9.3;
						DevelopmentTeam = 63YV2X6Y4E;
						ProvisioningStyle = Automatic;
						TestTargetID = A9ADFB8E1EEF5D770044D45B;
					};
					A9ADFB8E1EEF5D770044D45B = {
						CreatedOnToolsVersion = 8.3.3;
						DevelopmentTeam = 63YV2X6Y4E;
						LastSwiftMigration = 0910;
						ProvisioningStyle = Automatic;
						SystemCapabilities = {
							com.apple.Push = {
								enabled = 1;
							};
							com.apple.SafariKeychain = {
								enabled = 1;
							};
						};
					};
					A9ADFBA21EEF5D780044D45B = {
						CreatedOnToolsVersion = 8.3.3;
						DevelopmentTeam = Q7YZ6U36NH;
						LastSwiftMigration = 0910;
						ProvisioningStyle = Automatic;
						TestTargetID = A9ADFB8E1EEF5D770044D45B;
					};
					A9ADFBAD1EEF5D780044D45B = {
						CreatedOnToolsVersion = 8.3.3;
						DevelopmentTeam = Q7YZ6U36NH;
						LastSwiftMigration = 0910;
						ProvisioningStyle = Automatic;
						TestTargetID = A9ADFB8E1EEF5D770044D45B;
					};
				};
			};
			buildConfigurationList = A9ADFB8A1EEF5D770044D45B /* Build configuration list for PBXProject "PeapodSwipe" */;
			compatibilityVersion = "Xcode 3.2";
			developmentRegion = English;
			hasScannedForEncodings = 0;
			knownRegions = (
				en,
				Base,
			);
			mainGroup = A9ADFB861EEF5D770044D45B;
			productRefGroup = A9ADFB901EEF5D770044D45B /* Products */;
			projectDirPath = "";
			projectRoot = "";
			targets = (
				A9ADFB8E1EEF5D770044D45B /* PeapodSwipe */,
				A9ADFBA21EEF5D780044D45B /* PeapodSwipeTests */,
				A9ADFBAD1EEF5D780044D45B /* PeapodSwipeUITests */,
				556684CF20B10C870045C446 /* PeapodSwipeMarketingUITests */,
			);
		};
/* End PBXProject section */

/* Begin PBXResourcesBuildPhase section */
		556684CE20B10C870045C446 /* Resources */ = {
			isa = PBXResourcesBuildPhase;
			buildActionMask = 2147483647;
			files = (
			);
			runOnlyForDeploymentPostprocessing = 0;
		};
		A9ADFB8D1EEF5D770044D45B /* Resources */ = {
			isa = PBXResourcesBuildPhase;
			buildActionMask = 2147483647;
			files = (
				A9ADFB9D1EEF5D770044D45B /* LaunchScreen.storyboard in Resources */,
				552898FC1FCA332900A3195A /* GoogleService-Info.plist in Resources */,
				55A328391FCB74A8003A12B0 /* Settings.bundle in Resources */,
				556684DE20B115150045C446 /* PeapodService-Info.plist in Resources */,
				A9ADFB9A1EEF5D770044D45B /* Assets.xcassets in Resources */,
				A9ADFB981EEF5D770044D45B /* Main.storyboard in Resources */,
			);
			runOnlyForDeploymentPostprocessing = 0;
		};
		A9ADFBA11EEF5D780044D45B /* Resources */ = {
			isa = PBXResourcesBuildPhase;
			buildActionMask = 2147483647;
			files = (
			);
			runOnlyForDeploymentPostprocessing = 0;
		};
		A9ADFBAC1EEF5D780044D45B /* Resources */ = {
			isa = PBXResourcesBuildPhase;
			buildActionMask = 2147483647;
			files = (
			);
			runOnlyForDeploymentPostprocessing = 0;
		};
/* End PBXResourcesBuildPhase section */

/* Begin PBXShellScriptBuildPhase section */
		5541D9012057525D003C3D4E /* Run Lint Script */ = {
			isa = PBXShellScriptBuildPhase;
			buildActionMask = 2147483647;
			files = (
			);
			inputPaths = (
			);
			name = "Run Lint Script";
			outputPaths = (
			);
			runOnlyForDeploymentPostprocessing = 0;
			shellPath = /bin/bash;
			shellScript = "set -e\n\nif ! which swiftlint > /dev/null; then\necho \"error: SwiftLint is not installed. Vistit http://github.com/realm/SwiftLint to learn more.\"\necho \"Open iTerm2: $ brew install swiftlint\"\nexit 1\nfi\n\nswiftlint autocorrect";
		};
		A9B92CD51F39427700274428 /* Run Script */ = {
			isa = PBXShellScriptBuildPhase;
			buildActionMask = 2147483647;
			files = (
			);
			inputPaths = (
				"$(SRCROOT)/Carthage/Build/iOS/Alamofire.framework",
				"$(SRCROOT)/Carthage/Build/iOS/SnapKit.framework",
				"$(SRCROOT)/Carthage/Build/iOS/AlamofireImage.framework",
				"$(SRCROOT)/Carthage/Build/iOS/RxSwift.framework",
				"$(SRCROOT)/Carthage/Build/iOS/RxBlocking.framework",
				"$(SRCROOT)/Carthage/Build/iOS/RxCocoa.framework",
				"$(SRCROOT)/Carthage/Build/iOS/Default.framework",
			);
			name = "Run Script";
			outputPaths = (
				"$(BUILT_PRODUCTS_DIR)/$(FRAMEWORKS_FOLDER_PATH)/Alamofire.framework",
				"$(BUILT_PRODUCTS_DIR)/$(FRAMEWORKS_FOLDER_PATH)/SnapKit.framework",
				"$(BUILT_PRODUCTS_DIR)/$(FRAMEWORKS_FOLDER_PATH)/AlamofireImage.framework",
				"$(BUILT_PRODUCTS_DIR)/$(FRAMEWORKS_FOLDER_PATH)/RxSwift.framework",
				"$(BUILT_PRODUCTS_DIR)/$(FRAMEWORKS_FOLDER_PATH)/RxBlocking.framework",
				"$(BUILT_PRODUCTS_DIR)/$(FRAMEWORKS_FOLDER_PATH)/RxCocoa.framework",
				"$(BUILT_PRODUCTS_DIR)/$(FRAMEWORKS_FOLDER_PATH)/Default.framework",
			);
			runOnlyForDeploymentPostprocessing = 0;
			shellPath = /bin/sh;
			shellScript = "/usr/local/bin/carthage copy-frameworks";
		};
/* End PBXShellScriptBuildPhase section */

/* Begin PBXSourcesBuildPhase section */
		556684CC20B10C870045C446 /* Sources */ = {
			isa = PBXSourcesBuildPhase;
			buildActionMask = 2147483647;
			files = (
				556684D320B10C870045C446 /* PeapodSwipeMarketingUITests.swift in Sources */,
				556684DC20B10CE10045C446 /* SnapshotHelper.swift in Sources */,
			);
			runOnlyForDeploymentPostprocessing = 0;
		};
		A9ADFB8B1EEF5D770044D45B /* Sources */ = {
			isa = PBXSourcesBuildPhase;
			buildActionMask = 2147483647;
			files = (
				A9ADFB951EEF5D770044D45B /* CardViewController.swift in Sources */,
				5549F56D204BAA2300E76A41 /* ProductSearchDataSource.swift in Sources */,
				552898F41FCA124400A3195A /* UIColorExtension.swift in Sources */,
				55D49C5520522DB700F7D383 /* ProductInformationScrollView.swift in Sources */,
				55B0F5F5204A688200EB2594 /* DataRequestExtension.swift in Sources */,
				5562EE5220B0B6C300569B58 /* SettingViewController.swift in Sources */,
				A9ADFBC11EEF69B20044D45B /* CardView.swift in Sources */,
				5562EE4E20B0A9E300569B58 /* UserSetting.swift in Sources */,
				552898F61FCA177200A3195A /* CardViewLabel.swift in Sources */,
				A99BBCCC1EF89B4D00ACBF7B /* Product.swift in Sources */,
				5530DF4E204B24A40066DF67 /* SearchRouter.swift in Sources */,
				5535B5C52061DDC500D6A5DB /* ProductNutrition.swift in Sources */,
				A9ADFB931EEF5D770044D45B /* AppDelegate.swift in Sources */,
				55B2580C2050D98F002AD4EE /* ProductFlagCollection.swift in Sources */,
				55B2580A2050D88A002AD4EE /* ProductRichFlag.swift in Sources */,
				558B4D40204C8E3300C2ED47 /* EmptySearchResultView.swift in Sources */,
				A9B92CCF1F393A8D00274428 /* ProductImage.swift in Sources */,
				5549F55E204B440700E76A41 /* RecommendedProductsResponse.swift in Sources */,
				5530DF4A204B14890066DF67 /* UIButtonExtension.swift in Sources */,
				5549F560204B44A800E76A41 /* RecommendationRouter.swift in Sources */,
				55D49C5320522D2D00F7D383 /* ProductFlagLabel.swift in Sources */,
				5549F569204B9F9300E76A41 /* SearchViewController.swift in Sources */,
				55B0F5F1204A597200EB2594 /* ProductSearchResponse.swift in Sources */,
				5535B5C3205D7B3B00D6A5DB /* UIViewControllerExtension.swift in Sources */,
				5562EE5420B0CD3C00569B58 /* ProductRouter.swift in Sources */,
				558B4D45204CBC9B00C2ED47 /* ProductDetailViewController.swift in Sources */,
				558B4D42204C8E4900C2ED47 /* LoadingStateView.swift in Sources */,
				552898F81FCA244500A3195A /* AuthViewController.swift in Sources */,
				55B0F5F3204A658B00EB2594 /* StringExtension.swift in Sources */,
				5549F55C204B430500E76A41 /* ProductVote.swift in Sources */,
				A9ADFBC31EEF69CB0044D45B /* ImageCard.swift in Sources */,
				55E8655620917234003CA005 /* UserRouter.swift in Sources */,
				558B4D47204CDFC200C2ED47 /* ProductExtendedInfo.swift in Sources */,
				5535B5C72061E94D00D6A5DB /* ProductNutritionLabel.swift in Sources */,
			);
			runOnlyForDeploymentPostprocessing = 0;
		};
		A9ADFB9F1EEF5D780044D45B /* Sources */ = {
			isa = PBXSourcesBuildPhase;
			buildActionMask = 2147483647;
			files = (
			);
			runOnlyForDeploymentPostprocessing = 0;
		};
		A9ADFBAA1EEF5D780044D45B /* Sources */ = {
			isa = PBXSourcesBuildPhase;
			buildActionMask = 2147483647;
			files = (
				A9ADFBB31EEF5D780044D45B /* PeapodSwipeUITests.swift in Sources */,
			);
			runOnlyForDeploymentPostprocessing = 0;
		};
/* End PBXSourcesBuildPhase section */

/* Begin PBXTargetDependency section */
		556684D620B10C870045C446 /* PBXTargetDependency */ = {
			isa = PBXTargetDependency;
			target = A9ADFB8E1EEF5D770044D45B /* PeapodSwipe */;
			targetProxy = 556684D520B10C870045C446 /* PBXContainerItemProxy */;
		};
		A9ADFBA51EEF5D780044D45B /* PBXTargetDependency */ = {
			isa = PBXTargetDependency;
			target = A9ADFB8E1EEF5D770044D45B /* PeapodSwipe */;
			targetProxy = A9ADFBA41EEF5D780044D45B /* PBXContainerItemProxy */;
		};
		A9ADFBB01EEF5D780044D45B /* PBXTargetDependency */ = {
			isa = PBXTargetDependency;
			target = A9ADFB8E1EEF5D770044D45B /* PeapodSwipe */;
			targetProxy = A9ADFBAF1EEF5D780044D45B /* PBXContainerItemProxy */;
		};
/* End PBXTargetDependency section */

/* Begin PBXVariantGroup section */
		A9ADFB961EEF5D770044D45B /* Main.storyboard */ = {
			isa = PBXVariantGroup;
			children = (
				A9ADFB971EEF5D770044D45B /* Base */,
			);
			name = Main.storyboard;
			sourceTree = "<group>";
		};
		A9ADFB9B1EEF5D770044D45B /* LaunchScreen.storyboard */ = {
			isa = PBXVariantGroup;
			children = (
				A9ADFB9C1EEF5D770044D45B /* Base */,
			);
			name = LaunchScreen.storyboard;
			sourceTree = "<group>";
		};
/* End PBXVariantGroup section */

/* Begin XCBuildConfiguration section */
		5549F563204B774500E76A41 /* Beta */ = {
			isa = XCBuildConfiguration;
			buildSettings = {
				ALWAYS_SEARCH_USER_PATHS = NO;
				BUNDLE_ID_SUFFIX = .beta;
				CLANG_ANALYZER_NONNULL = YES;
				CLANG_ANALYZER_NUMBER_OBJECT_CONVERSION = YES_AGGRESSIVE;
				CLANG_CXX_LANGUAGE_STANDARD = "gnu++0x";
				CLANG_CXX_LIBRARY = "libc++";
				CLANG_ENABLE_MODULES = YES;
				CLANG_ENABLE_OBJC_ARC = YES;
				CLANG_WARN_BLOCK_CAPTURE_AUTORELEASING = YES;
				CLANG_WARN_BOOL_CONVERSION = YES;
				CLANG_WARN_COMMA = YES;
				CLANG_WARN_CONSTANT_CONVERSION = YES;
				CLANG_WARN_DEPRECATED_OBJC_IMPLEMENTATIONS = YES;
				CLANG_WARN_DIRECT_OBJC_ISA_USAGE = YES_ERROR;
				CLANG_WARN_DOCUMENTATION_COMMENTS = YES;
				CLANG_WARN_EMPTY_BODY = YES;
				CLANG_WARN_ENUM_CONVERSION = YES;
				CLANG_WARN_INFINITE_RECURSION = YES;
				CLANG_WARN_INT_CONVERSION = YES;
				CLANG_WARN_NON_LITERAL_NULL_CONVERSION = YES;
				CLANG_WARN_OBJC_IMPLICIT_RETAIN_SELF = YES;
				CLANG_WARN_OBJC_LITERAL_CONVERSION = YES;
				CLANG_WARN_OBJC_ROOT_CLASS = YES_ERROR;
				CLANG_WARN_RANGE_LOOP_ANALYSIS = YES;
				CLANG_WARN_STRICT_PROTOTYPES = YES;
				CLANG_WARN_SUSPICIOUS_MOVE = YES;
				CLANG_WARN_UNREACHABLE_CODE = YES;
				CLANG_WARN__DUPLICATE_METHOD_MATCH = YES;
				"CODE_SIGN_IDENTITY[sdk=iphoneos*]" = "iPhone Developer";
				COPY_PHASE_STRIP = NO;
				CURRENT_PROJECT_VERSION = 52;
				DEBUG_INFORMATION_FORMAT = dwarf;
				ENABLE_STRICT_OBJC_MSGSEND = YES;
				ENABLE_TESTABILITY = YES;
				GCC_C_LANGUAGE_STANDARD = gnu99;
				GCC_DYNAMIC_NO_PIC = NO;
				GCC_NO_COMMON_BLOCKS = YES;
				GCC_OPTIMIZATION_LEVEL = 0;
				GCC_PREPROCESSOR_DEFINITIONS = (
					"DEBUG=1",
					"$(inherited)",
				);
				GCC_WARN_64_TO_32_BIT_CONVERSION = YES;
				GCC_WARN_ABOUT_RETURN_TYPE = YES_ERROR;
				GCC_WARN_UNDECLARED_SELECTOR = YES;
				GCC_WARN_UNINITIALIZED_AUTOS = YES_AGGRESSIVE;
				GCC_WARN_UNUSED_FUNCTION = YES;
				GCC_WARN_UNUSED_VARIABLE = YES;
				IPHONEOS_DEPLOYMENT_TARGET = 10.3;
				MTL_ENABLE_DEBUG_INFO = YES;
				ONLY_ACTIVE_ARCH = YES;
				OTHER_LDFLAGS = (
					"$(OTHER_LDFLAGS)",
					"-ObjC",
				);
				PRODUCT_NAME = "Peapod Swipe Beta";
				SDKROOT = iphoneos;
				SWIFT_ACTIVE_COMPILATION_CONDITIONS = DEBUG;
				SWIFT_OPTIMIZATION_LEVEL = "-Onone";
				TARGETED_DEVICE_FAMILY = "1,2";
				VERSIONING_SYSTEM = "apple-generic";
			};
			name = Beta;
		};
		5549F564204B774500E76A41 /* Beta */ = {
			isa = XCBuildConfiguration;
			buildSettings = {
				ASSETCATALOG_COMPILER_APPICON_NAME = "AppIcon${BUNDLE_ID_SUFFIX}";
				CODE_SIGN_ENTITLEMENTS = "PeapodSwipe/Peapod Swipe.entitlements";
				DEVELOPMENT_TEAM = 63YV2X6Y4E;
				FRAMEWORK_SEARCH_PATHS = (
					"$(inherited)",
					"$(PROJECT_DIR)/ThirdParty/**",
					"$(PROJECT_DIR)/Carthage/Build/iOS",
					"$(PROJECT_DIR)/ThirdParty/Firebase/Analytics",
					"$(PROJECT_DIR)/ThirdParty/Firebase/Auth",
					"$(PROJECT_DIR)/ThirdParty/Firebase/Database",
				);
				INFOPLIST_FILE = PeapodSwipe/Info.plist;
				IPHONEOS_DEPLOYMENT_TARGET = 11.0;
				LD_RUNPATH_SEARCH_PATHS = "$(inherited) @executable_path/Frameworks";
				NEW_SETTING = "";
				OTHER_LDFLAGS = "$(inherited)";
				PRODUCT_BUNDLE_IDENTIFIER = "com.xinjiangshao.peapod-swipe.mobile";
				PRODUCT_NAME = "$(PRODUCT_NAME)";
				SWIFT_SWIFT3_OBJC_INFERENCE = Default;
				SWIFT_VERSION = 4.0;
				TARGETED_DEVICE_FAMILY = 1;
				USER_HEADER_SEARCH_PATHS = "$(PROJECT_DIR)/ThirdParty/Firebase";
			};
			name = Beta;
		};
		5549F565204B774500E76A41 /* Beta */ = {
			isa = XCBuildConfiguration;
			buildSettings = {
				ALWAYS_EMBED_SWIFT_STANDARD_LIBRARIES = YES;
				BUNDLE_LOADER = "$(TEST_HOST)";
				DEVELOPMENT_TEAM = Q7YZ6U36NH;
				INFOPLIST_FILE = PeapodSwipeTests/Info.plist;
				LD_RUNPATH_SEARCH_PATHS = "$(inherited) @executable_path/Frameworks @loader_path/Frameworks";
				PRODUCT_BUNDLE_IDENTIFIER = "com.xinjiangshao.peapod-swipeTests";
				PRODUCT_NAME = "$(TARGET_NAME)";
				SWIFT_SWIFT3_OBJC_INFERENCE = On;
				SWIFT_VERSION = 4.0;
				TEST_HOST = "$(BUILT_PRODUCTS_DIR)/PeapodSwipe.app/PeapodSwipe";
			};
			name = Beta;
		};
		5549F566204B774500E76A41 /* Beta */ = {
			isa = XCBuildConfiguration;
			buildSettings = {
				ALWAYS_EMBED_SWIFT_STANDARD_LIBRARIES = YES;
				DEVELOPMENT_TEAM = Q7YZ6U36NH;
				INFOPLIST_FILE = PeapodSwipeUITests/Info.plist;
				LD_RUNPATH_SEARCH_PATHS = "$(inherited) @executable_path/Frameworks @loader_path/Frameworks";
				PRODUCT_BUNDLE_IDENTIFIER = "com.xinjiangshao.peapod-swipeUITests";
				PRODUCT_NAME = "$(TARGET_NAME)";
				SWIFT_SWIFT3_OBJC_INFERENCE = On;
				SWIFT_VERSION = 4.0;
				TEST_TARGET_NAME = "Peapod Swipe";
			};
			name = Beta;
		};
		556684D720B10C870045C446 /* Debug */ = {
			isa = XCBuildConfiguration;
			buildSettings = {
				CLANG_CXX_LANGUAGE_STANDARD = "gnu++14";
				CLANG_ENABLE_OBJC_WEAK = YES;
				CLANG_WARN_UNGUARDED_AVAILABILITY = YES_AGGRESSIVE;
				CODE_SIGN_IDENTITY = "iPhone Developer";
				CODE_SIGN_STYLE = Automatic;
				DEVELOPMENT_TEAM = 63YV2X6Y4E;
				GCC_C_LANGUAGE_STANDARD = gnu11;
				INFOPLIST_FILE = PeapodSwipeMarketingUITests/Info.plist;
				IPHONEOS_DEPLOYMENT_TARGET = 11.3;
				LD_RUNPATH_SEARCH_PATHS = "$(inherited) @executable_path/Frameworks @loader_path/Frameworks";
				PRODUCT_BUNDLE_IDENTIFIER = com.xijiangshao.PeapodSwipeMarketingUITests;
				PRODUCT_NAME = "$(TARGET_NAME)";
				SWIFT_VERSION = 4.0;
				TARGETED_DEVICE_FAMILY = "1,2";
				TEST_TARGET_NAME = PeapodSwipe;
			};
			name = Debug;
		};
		556684D820B10C870045C446 /* Beta */ = {
			isa = XCBuildConfiguration;
			buildSettings = {
				CLANG_CXX_LANGUAGE_STANDARD = "gnu++14";
				CLANG_ENABLE_OBJC_WEAK = YES;
				CLANG_WARN_UNGUARDED_AVAILABILITY = YES_AGGRESSIVE;
				CODE_SIGN_IDENTITY = "iPhone Developer";
				CODE_SIGN_STYLE = Automatic;
				DEVELOPMENT_TEAM = 63YV2X6Y4E;
				GCC_C_LANGUAGE_STANDARD = gnu11;
				INFOPLIST_FILE = PeapodSwipeMarketingUITests/Info.plist;
				IPHONEOS_DEPLOYMENT_TARGET = 11.3;
				LD_RUNPATH_SEARCH_PATHS = "$(inherited) @executable_path/Frameworks @loader_path/Frameworks";
				PRODUCT_BUNDLE_IDENTIFIER = com.xijiangshao.PeapodSwipeMarketingUITests;
				PRODUCT_NAME = "$(TARGET_NAME)";
				SWIFT_VERSION = 4.0;
				TARGETED_DEVICE_FAMILY = "1,2";
				TEST_TARGET_NAME = PeapodSwipe;
			};
			name = Beta;
		};
		556684D920B10C870045C446 /* Release */ = {
			isa = XCBuildConfiguration;
			buildSettings = {
				CLANG_CXX_LANGUAGE_STANDARD = "gnu++14";
				CLANG_ENABLE_OBJC_WEAK = YES;
				CLANG_WARN_UNGUARDED_AVAILABILITY = YES_AGGRESSIVE;
				CODE_SIGN_IDENTITY = "iPhone Developer";
				CODE_SIGN_STYLE = Automatic;
				DEVELOPMENT_TEAM = 63YV2X6Y4E;
				GCC_C_LANGUAGE_STANDARD = gnu11;
				INFOPLIST_FILE = PeapodSwipeMarketingUITests/Info.plist;
				IPHONEOS_DEPLOYMENT_TARGET = 11.3;
				LD_RUNPATH_SEARCH_PATHS = "$(inherited) @executable_path/Frameworks @loader_path/Frameworks";
				PRODUCT_BUNDLE_IDENTIFIER = com.xijiangshao.PeapodSwipeMarketingUITests;
				PRODUCT_NAME = "$(TARGET_NAME)";
				SWIFT_VERSION = 4.0;
				TARGETED_DEVICE_FAMILY = "1,2";
				TEST_TARGET_NAME = PeapodSwipe;
			};
			name = Release;
		};
		A9ADFBB51EEF5D780044D45B /* Debug */ = {
			isa = XCBuildConfiguration;
			buildSettings = {
				ALWAYS_SEARCH_USER_PATHS = NO;
				BUNDLE_ID_SUFFIX = .dev;
				CLANG_ANALYZER_NONNULL = YES;
				CLANG_ANALYZER_NUMBER_OBJECT_CONVERSION = YES_AGGRESSIVE;
				CLANG_CXX_LANGUAGE_STANDARD = "gnu++0x";
				CLANG_CXX_LIBRARY = "libc++";
				CLANG_ENABLE_MODULES = YES;
				CLANG_ENABLE_OBJC_ARC = YES;
				CLANG_WARN_BLOCK_CAPTURE_AUTORELEASING = YES;
				CLANG_WARN_BOOL_CONVERSION = YES;
				CLANG_WARN_COMMA = YES;
				CLANG_WARN_CONSTANT_CONVERSION = YES;
				CLANG_WARN_DEPRECATED_OBJC_IMPLEMENTATIONS = YES;
				CLANG_WARN_DIRECT_OBJC_ISA_USAGE = YES_ERROR;
				CLANG_WARN_DOCUMENTATION_COMMENTS = YES;
				CLANG_WARN_EMPTY_BODY = YES;
				CLANG_WARN_ENUM_CONVERSION = YES;
				CLANG_WARN_INFINITE_RECURSION = YES;
				CLANG_WARN_INT_CONVERSION = YES;
				CLANG_WARN_NON_LITERAL_NULL_CONVERSION = YES;
				CLANG_WARN_OBJC_IMPLICIT_RETAIN_SELF = YES;
				CLANG_WARN_OBJC_LITERAL_CONVERSION = YES;
				CLANG_WARN_OBJC_ROOT_CLASS = YES_ERROR;
				CLANG_WARN_RANGE_LOOP_ANALYSIS = YES;
				CLANG_WARN_STRICT_PROTOTYPES = YES;
				CLANG_WARN_SUSPICIOUS_MOVE = YES;
				CLANG_WARN_UNREACHABLE_CODE = YES;
				CLANG_WARN__DUPLICATE_METHOD_MATCH = YES;
				"CODE_SIGN_IDENTITY[sdk=iphoneos*]" = "iPhone Developer";
				COPY_PHASE_STRIP = NO;
				CURRENT_PROJECT_VERSION = 52;
				DEBUG_INFORMATION_FORMAT = dwarf;
				ENABLE_STRICT_OBJC_MSGSEND = YES;
				ENABLE_TESTABILITY = YES;
				GCC_C_LANGUAGE_STANDARD = gnu99;
				GCC_DYNAMIC_NO_PIC = NO;
				GCC_NO_COMMON_BLOCKS = YES;
				GCC_OPTIMIZATION_LEVEL = 0;
				GCC_PREPROCESSOR_DEFINITIONS = (
					"DEBUG=1",
					"$(inherited)",
				);
				GCC_WARN_64_TO_32_BIT_CONVERSION = YES;
				GCC_WARN_ABOUT_RETURN_TYPE = YES_ERROR;
				GCC_WARN_UNDECLARED_SELECTOR = YES;
				GCC_WARN_UNINITIALIZED_AUTOS = YES_AGGRESSIVE;
				GCC_WARN_UNUSED_FUNCTION = YES;
				GCC_WARN_UNUSED_VARIABLE = YES;
				IPHONEOS_DEPLOYMENT_TARGET = 10.3;
				MTL_ENABLE_DEBUG_INFO = YES;
				ONLY_ACTIVE_ARCH = YES;
				OTHER_LDFLAGS = (
					"$(OTHER_LDFLAGS)",
					"-ObjC",
				);
				PRODUCT_NAME = "Peapod Swipe";
				SDKROOT = iphoneos;
				SWIFT_ACTIVE_COMPILATION_CONDITIONS = DEBUG;
				SWIFT_OPTIMIZATION_LEVEL = "-Onone";
				TARGETED_DEVICE_FAMILY = "1,2";
				VERSIONING_SYSTEM = "apple-generic";
			};
			name = Debug;
		};
		A9ADFBB61EEF5D780044D45B /* Release */ = {
			isa = XCBuildConfiguration;
			buildSettings = {
				ALWAYS_SEARCH_USER_PATHS = NO;
				BUNDLE_ID_SUFFIX = "";
				CLANG_ANALYZER_NONNULL = YES;
				CLANG_ANALYZER_NUMBER_OBJECT_CONVERSION = YES_AGGRESSIVE;
				CLANG_CXX_LANGUAGE_STANDARD = "gnu++0x";
				CLANG_CXX_LIBRARY = "libc++";
				CLANG_ENABLE_MODULES = YES;
				CLANG_ENABLE_OBJC_ARC = YES;
				CLANG_WARN_BLOCK_CAPTURE_AUTORELEASING = YES;
				CLANG_WARN_BOOL_CONVERSION = YES;
				CLANG_WARN_COMMA = YES;
				CLANG_WARN_CONSTANT_CONVERSION = YES;
				CLANG_WARN_DEPRECATED_OBJC_IMPLEMENTATIONS = YES;
				CLANG_WARN_DIRECT_OBJC_ISA_USAGE = YES_ERROR;
				CLANG_WARN_DOCUMENTATION_COMMENTS = YES;
				CLANG_WARN_EMPTY_BODY = YES;
				CLANG_WARN_ENUM_CONVERSION = YES;
				CLANG_WARN_INFINITE_RECURSION = YES;
				CLANG_WARN_INT_CONVERSION = YES;
				CLANG_WARN_NON_LITERAL_NULL_CONVERSION = YES;
				CLANG_WARN_OBJC_IMPLICIT_RETAIN_SELF = YES;
				CLANG_WARN_OBJC_LITERAL_CONVERSION = YES;
				CLANG_WARN_OBJC_ROOT_CLASS = YES_ERROR;
				CLANG_WARN_RANGE_LOOP_ANALYSIS = YES;
				CLANG_WARN_STRICT_PROTOTYPES = YES;
				CLANG_WARN_SUSPICIOUS_MOVE = YES;
				CLANG_WARN_UNREACHABLE_CODE = YES;
				CLANG_WARN__DUPLICATE_METHOD_MATCH = YES;
				"CODE_SIGN_IDENTITY[sdk=iphoneos*]" = "iPhone Developer";
				COPY_PHASE_STRIP = NO;
				CURRENT_PROJECT_VERSION = 52;
				DEBUG_INFORMATION_FORMAT = "dwarf-with-dsym";
				ENABLE_NS_ASSERTIONS = NO;
				ENABLE_STRICT_OBJC_MSGSEND = YES;
				GCC_C_LANGUAGE_STANDARD = gnu99;
				GCC_NO_COMMON_BLOCKS = YES;
				GCC_WARN_64_TO_32_BIT_CONVERSION = YES;
				GCC_WARN_ABOUT_RETURN_TYPE = YES_ERROR;
				GCC_WARN_UNDECLARED_SELECTOR = YES;
				GCC_WARN_UNINITIALIZED_AUTOS = YES_AGGRESSIVE;
				GCC_WARN_UNUSED_FUNCTION = YES;
				GCC_WARN_UNUSED_VARIABLE = YES;
				IPHONEOS_DEPLOYMENT_TARGET = 10.3;
				MTL_ENABLE_DEBUG_INFO = NO;
				OTHER_LDFLAGS = (
					"$(OTHER_LDFLAGS)",
					"-ObjC",
				);
				PRODUCT_NAME = "Peapod Swipe";
				SDKROOT = iphoneos;
				SWIFT_OPTIMIZATION_LEVEL = "-Owholemodule";
				TARGETED_DEVICE_FAMILY = "1,2";
				VALIDATE_PRODUCT = YES;
				VERSIONING_SYSTEM = "apple-generic";
			};
			name = Release;
		};
		A9ADFBB81EEF5D780044D45B /* Debug */ = {
			isa = XCBuildConfiguration;
			buildSettings = {
				ASSETCATALOG_COMPILER_APPICON_NAME = "AppIcon${BUNDLE_ID_SUFFIX}";
				BUNDLE_ID_SUFFIX = "";
				CODE_SIGN_ENTITLEMENTS = "PeapodSwipe/Peapod Swipe.entitlements";
				DEVELOPMENT_TEAM = 63YV2X6Y4E;
				FRAMEWORK_SEARCH_PATHS = (
					"$(inherited)",
					"$(PROJECT_DIR)/ThirdParty/**",
					"$(PROJECT_DIR)/Carthage/Build/iOS",
					"$(PROJECT_DIR)/ThirdParty/Firebase/Analytics",
					"$(PROJECT_DIR)/ThirdParty/Firebase/Auth",
					"$(PROJECT_DIR)/ThirdParty/Firebase/Database",
				);
				INFOPLIST_FILE = PeapodSwipe/Info.plist;
				IPHONEOS_DEPLOYMENT_TARGET = 11.0;
				LD_RUNPATH_SEARCH_PATHS = "$(inherited) @executable_path/Frameworks";
				NEW_SETTING = "";
				OTHER_LDFLAGS = "$(inherited)";
				PRODUCT_BUNDLE_IDENTIFIER = "com.xinjiangshao.peapod-swipe.mobile";
				PRODUCT_NAME = "$(PRODUCT_NAME)";
				SWIFT_SWIFT3_OBJC_INFERENCE = Default;
				SWIFT_VERSION = 4.0;
				TARGETED_DEVICE_FAMILY = 1;
				USER_HEADER_SEARCH_PATHS = "$(PROJECT_DIR)/ThirdParty/Firebase";
			};
			name = Debug;
		};
		A9ADFBB91EEF5D780044D45B /* Release */ = {
			isa = XCBuildConfiguration;
			buildSettings = {
				ASSETCATALOG_COMPILER_APPICON_NAME = "AppIcon${BUNDLE_ID_SUFFIX}";
				CODE_SIGN_ENTITLEMENTS = "PeapodSwipe/Peapod Swipe.entitlements";
				DEVELOPMENT_TEAM = 63YV2X6Y4E;
				FRAMEWORK_SEARCH_PATHS = (
					"$(inherited)",
					"$(PROJECT_DIR)/ThirdParty/**",
					"$(PROJECT_DIR)/Carthage/Build/iOS",
					"$(PROJECT_DIR)/ThirdParty/Firebase/Analytics",
					"$(PROJECT_DIR)/ThirdParty/Firebase/Auth",
					"$(PROJECT_DIR)/ThirdParty/Firebase/Database",
				);
				INFOPLIST_FILE = PeapodSwipe/Info.plist;
				IPHONEOS_DEPLOYMENT_TARGET = 11.0;
				LD_RUNPATH_SEARCH_PATHS = "$(inherited) @executable_path/Frameworks";
				NEW_SETTING = "";
				OTHER_LDFLAGS = "$(inherited)";
				PRODUCT_BUNDLE_IDENTIFIER = "com.xinjiangshao.peapod-swipe.mobile";
				PRODUCT_NAME = "$(PRODUCT_NAME)";
				SWIFT_SWIFT3_OBJC_INFERENCE = Default;
				SWIFT_VERSION = 4.0;
				TARGETED_DEVICE_FAMILY = 1;
				USER_HEADER_SEARCH_PATHS = "$(PROJECT_DIR)/ThirdParty/Firebase";
			};
			name = Release;
		};
		A9ADFBBB1EEF5D780044D45B /* Debug */ = {
			isa = XCBuildConfiguration;
			buildSettings = {
				ALWAYS_EMBED_SWIFT_STANDARD_LIBRARIES = YES;
				BUNDLE_LOADER = "$(TEST_HOST)";
				DEVELOPMENT_TEAM = Q7YZ6U36NH;
				INFOPLIST_FILE = PeapodSwipeTests/Info.plist;
				LD_RUNPATH_SEARCH_PATHS = "$(inherited) @executable_path/Frameworks @loader_path/Frameworks";
				PRODUCT_BUNDLE_IDENTIFIER = "com.xinjiangshao.peapod-swipeTests";
				PRODUCT_NAME = "$(TARGET_NAME)";
				SWIFT_SWIFT3_OBJC_INFERENCE = On;
				SWIFT_VERSION = 4.0;
				TEST_HOST = "$(BUILT_PRODUCTS_DIR)/PeapodSwipe.app/PeapodSwipe";
			};
			name = Debug;
		};
		A9ADFBBC1EEF5D780044D45B /* Release */ = {
			isa = XCBuildConfiguration;
			buildSettings = {
				ALWAYS_EMBED_SWIFT_STANDARD_LIBRARIES = YES;
				BUNDLE_LOADER = "$(TEST_HOST)";
				DEVELOPMENT_TEAM = Q7YZ6U36NH;
				INFOPLIST_FILE = PeapodSwipeTests/Info.plist;
				LD_RUNPATH_SEARCH_PATHS = "$(inherited) @executable_path/Frameworks @loader_path/Frameworks";
				PRODUCT_BUNDLE_IDENTIFIER = "com.xinjiangshao.peapod-swipeTests";
				PRODUCT_NAME = "$(TARGET_NAME)";
				SWIFT_SWIFT3_OBJC_INFERENCE = On;
				SWIFT_VERSION = 4.0;
				TEST_HOST = "$(BUILT_PRODUCTS_DIR)/PeapodSwipe.app/PeapodSwipe";
			};
			name = Release;
		};
		A9ADFBBE1EEF5D780044D45B /* Debug */ = {
			isa = XCBuildConfiguration;
			buildSettings = {
				ALWAYS_EMBED_SWIFT_STANDARD_LIBRARIES = YES;
				DEVELOPMENT_TEAM = Q7YZ6U36NH;
				INFOPLIST_FILE = PeapodSwipeUITests/Info.plist;
				LD_RUNPATH_SEARCH_PATHS = "$(inherited) @executable_path/Frameworks @loader_path/Frameworks";
				PRODUCT_BUNDLE_IDENTIFIER = "com.xinjiangshao.peapod-swipeUITests";
				PRODUCT_NAME = "$(TARGET_NAME)";
				SWIFT_SWIFT3_OBJC_INFERENCE = On;
				SWIFT_VERSION = 4.0;
				TEST_TARGET_NAME = "Peapod Swipe";
			};
			name = Debug;
		};
		A9ADFBBF1EEF5D780044D45B /* Release */ = {
			isa = XCBuildConfiguration;
			buildSettings = {
				ALWAYS_EMBED_SWIFT_STANDARD_LIBRARIES = YES;
				DEVELOPMENT_TEAM = Q7YZ6U36NH;
				INFOPLIST_FILE = PeapodSwipeUITests/Info.plist;
				LD_RUNPATH_SEARCH_PATHS = "$(inherited) @executable_path/Frameworks @loader_path/Frameworks";
				PRODUCT_BUNDLE_IDENTIFIER = "com.xinjiangshao.peapod-swipeUITests";
				PRODUCT_NAME = "$(TARGET_NAME)";
				SWIFT_SWIFT3_OBJC_INFERENCE = On;
				SWIFT_VERSION = 4.0;
				TEST_TARGET_NAME = "Peapod Swipe";
			};
			name = Release;
		};
/* End XCBuildConfiguration section */

/* Begin XCConfigurationList section */
		556684DA20B10C870045C446 /* Build configuration list for PBXNativeTarget "PeapodSwipeMarketingUITests" */ = {
			isa = XCConfigurationList;
			buildConfigurations = (
				556684D720B10C870045C446 /* Debug */,
				556684D820B10C870045C446 /* Beta */,
				556684D920B10C870045C446 /* Release */,
			);
			defaultConfigurationIsVisible = 0;
			defaultConfigurationName = Release;
		};
		A9ADFB8A1EEF5D770044D45B /* Build configuration list for PBXProject "PeapodSwipe" */ = {
			isa = XCConfigurationList;
			buildConfigurations = (
				A9ADFBB51EEF5D780044D45B /* Debug */,
				5549F563204B774500E76A41 /* Beta */,
				A9ADFBB61EEF5D780044D45B /* Release */,
			);
			defaultConfigurationIsVisible = 0;
			defaultConfigurationName = Release;
		};
		A9ADFBB71EEF5D780044D45B /* Build configuration list for PBXNativeTarget "PeapodSwipe" */ = {
			isa = XCConfigurationList;
			buildConfigurations = (
				A9ADFBB81EEF5D780044D45B /* Debug */,
				5549F564204B774500E76A41 /* Beta */,
				A9ADFBB91EEF5D780044D45B /* Release */,
			);
			defaultConfigurationIsVisible = 0;
			defaultConfigurationName = Release;
		};
		A9ADFBBA1EEF5D780044D45B /* Build configuration list for PBXNativeTarget "PeapodSwipeTests" */ = {
			isa = XCConfigurationList;
			buildConfigurations = (
				A9ADFBBB1EEF5D780044D45B /* Debug */,
				5549F565204B774500E76A41 /* Beta */,
				A9ADFBBC1EEF5D780044D45B /* Release */,
			);
			defaultConfigurationIsVisible = 0;
			defaultConfigurationName = Release;
		};
		A9ADFBBD1EEF5D780044D45B /* Build configuration list for PBXNativeTarget "PeapodSwipeUITests" */ = {
			isa = XCConfigurationList;
			buildConfigurations = (
				A9ADFBBE1EEF5D780044D45B /* Debug */,
				5549F566204B774500E76A41 /* Beta */,
				A9ADFBBF1EEF5D780044D45B /* Release */,
			);
			defaultConfigurationIsVisible = 0;
			defaultConfigurationName = Release;
		};
/* End XCConfigurationList section */
	};
	rootObject = A9ADFB871EEF5D770044D45B /* Project object */;
}
